// !$*UTF8*$!
{
	archiveVersion = 1;
	classes = {
	};
	objectVersion = 46;
	objects = {

/* Begin PBXBuildFile section */
		4601EB3816BE7AD500497ED0 /* backbutton.png in Resources */ = {isa = PBXBuildFile; fileRef = 4601EB3316BE7AD500497ED0 /* backbutton.png */; };
		4601EB3A16BE7AD500497ED0 /* forgotpasswordbutton.png in Resources */ = {isa = PBXBuildFile; fileRef = 4601EB3516BE7AD500497ED0 /* forgotpasswordbutton.png */; };
		4601EB3B16BE7AD500497ED0 /* login.png in Resources */ = {isa = PBXBuildFile; fileRef = 4601EB3616BE7AD500497ED0 /* login.png */; };
		4601EB3C16BE7AD500497ED0 /* registerbutton.png in Resources */ = {isa = PBXBuildFile; fileRef = 4601EB3716BE7AD500497ED0 /* registerbutton.png */; };
		4601EB3E16BE7C0800497ED0 /* createaccountbutton.png in Resources */ = {isa = PBXBuildFile; fileRef = 4601EB3D16BE7C0800497ED0 /* createaccountbutton.png */; };
		4601EB4516BEA3CC00497ED0 /* loginemail.png in Resources */ = {isa = PBXBuildFile; fileRef = 4601EB4316BEA3CC00497ED0 /* loginemail.png */; };
		4601EB4616BEA3CC00497ED0 /* loginfacebook.png in Resources */ = {isa = PBXBuildFile; fileRef = 4601EB4416BEA3CC00497ED0 /* loginfacebook.png */; };
		467DBDF416BD2EA50015CE60 /* AccountViewController.m in Sources */ = {isa = PBXBuildFile; fileRef = 467DBDF216BD2EA50015CE60 /* AccountViewController.m */; };
		467DBDF516BD2EA50015CE60 /* AccountViewController.xib in Resources */ = {isa = PBXBuildFile; fileRef = 467DBDF316BD2EA50015CE60 /* AccountViewController.xib */; };
		467DBDF916BD2EBF0015CE60 /* CreateRaceViewController.m in Sources */ = {isa = PBXBuildFile; fileRef = 467DBDF716BD2EBF0015CE60 /* CreateRaceViewController.m */; };
		467DBDFA16BD2EBF0015CE60 /* CreateRaceViewController.xib in Resources */ = {isa = PBXBuildFile; fileRef = 467DBDF816BD2EBF0015CE60 /* CreateRaceViewController.xib */; };
		467DBDFE16BD2EE50015CE60 /* RaceViewController.m in Sources */ = {isa = PBXBuildFile; fileRef = 467DBDFC16BD2EE50015CE60 /* RaceViewController.m */; };
		467DBDFF16BD2EE50015CE60 /* RaceViewController.xib in Resources */ = {isa = PBXBuildFile; fileRef = 467DBDFD16BD2EE50015CE60 /* RaceViewController.xib */; };
		467DBE0316BD2EFA0015CE60 /* ScoreViewController.m in Sources */ = {isa = PBXBuildFile; fileRef = 467DBE0116BD2EFA0015CE60 /* ScoreViewController.m */; };
		467DBE0416BD2EFA0015CE60 /* ScoreViewController.xib in Resources */ = {isa = PBXBuildFile; fileRef = 467DBE0216BD2EFA0015CE60 /* ScoreViewController.xib */; };
		468EE91416C17DDB0089044D /* CreateNewRaceViewController.m in Sources */ = {isa = PBXBuildFile; fileRef = 468EE91216C17DDB0089044D /* CreateNewRaceViewController.m */; };
		468EE91516C17DDB0089044D /* CreateNewRaceViewController.xib in Resources */ = {isa = PBXBuildFile; fileRef = 468EE91316C17DDB0089044D /* CreateNewRaceViewController.xib */; };
		468EE91F16C17F9E0089044D /* AddMultipleChoiceQuestionViewController.m in Sources */ = {isa = PBXBuildFile; fileRef = 468EE91D16C17F9E0089044D /* AddMultipleChoiceQuestionViewController.m */; };
		468EE92016C17F9E0089044D /* AddMultipleChoiceQuestionViewController.xib in Resources */ = {isa = PBXBuildFile; fileRef = 468EE91E16C17F9E0089044D /* AddMultipleChoiceQuestionViewController.xib */; };
		469460AB16ADA3A60013F3D6 /* UIKit.framework in Frameworks */ = {isa = PBXBuildFile; fileRef = 469460AA16ADA3A60013F3D6 /* UIKit.framework */; };
		469460AD16ADA3A60013F3D6 /* Foundation.framework in Frameworks */ = {isa = PBXBuildFile; fileRef = 469460AC16ADA3A60013F3D6 /* Foundation.framework */; };
		469460AF16ADA3A60013F3D6 /* CoreGraphics.framework in Frameworks */ = {isa = PBXBuildFile; fileRef = 469460AE16ADA3A60013F3D6 /* CoreGraphics.framework */; };
		469460B516ADA3A60013F3D6 /* InfoPlist.strings in Resources */ = {isa = PBXBuildFile; fileRef = 469460B316ADA3A60013F3D6 /* InfoPlist.strings */; };
		469460B716ADA3A60013F3D6 /* main.m in Sources */ = {isa = PBXBuildFile; fileRef = 469460B616ADA3A60013F3D6 /* main.m */; };
		469460BD16ADA3A60013F3D6 /* Default.png in Resources */ = {isa = PBXBuildFile; fileRef = 469460BC16ADA3A60013F3D6 /* Default.png */; };
		469460BF16ADA3A60013F3D6 /* Default@2x.png in Resources */ = {isa = PBXBuildFile; fileRef = 469460BE16ADA3A60013F3D6 /* Default@2x.png */; };
		469460C116ADA3A70013F3D6 /* Default-568h@2x.png in Resources */ = {isa = PBXBuildFile; fileRef = 469460C016ADA3A70013F3D6 /* Default-568h@2x.png */; };
		469460DE16ADB2D80013F3D6 /* AppDelegate.m in Sources */ = {isa = PBXBuildFile; fileRef = 469460D516ADB2D80013F3D6 /* AppDelegate.m */; };
		469460DF16ADB2D80013F3D6 /* HomeScreenViewController.m in Sources */ = {isa = PBXBuildFile; fileRef = 469460D816ADB2D80013F3D6 /* HomeScreenViewController.m */; };
		469460E016ADB2D80013F3D6 /* HomeScreenViewController.xib in Resources */ = {isa = PBXBuildFile; fileRef = 469460D916ADB2D80013F3D6 /* HomeScreenViewController.xib */; };
		469460E116ADB2D80013F3D6 /* MasterViewController.m in Sources */ = {isa = PBXBuildFile; fileRef = 469460DC16ADB2D80013F3D6 /* MasterViewController.m */; };
		469460E216ADB2D80013F3D6 /* MasterViewController.xib in Resources */ = {isa = PBXBuildFile; fileRef = 469460DD16ADB2D80013F3D6 /* MasterViewController.xib */; };
		469460EF16ADBDC20013F3D6 /* background.png in Resources */ = {isa = PBXBuildFile; fileRef = 469460EE16ADBDC20013F3D6 /* background.png */; };
		469460F116ADBEC40013F3D6 /* top_navigation_bar.png in Resources */ = {isa = PBXBuildFile; fileRef = 469460F016ADBEC40013F3D6 /* top_navigation_bar.png */; };
		469AA4E416B0D6AD006F931E /* facebook_ios_sdk-all-target-headers.hmap in Resources */ = {isa = PBXBuildFile; fileRef = 469AA46716B0D6AD006F931E /* facebook_ios_sdk-all-target-headers.hmap */; };
		469AA4E516B0D6AD006F931E /* facebook_ios_sdk-generated-files.hmap in Resources */ = {isa = PBXBuildFile; fileRef = 469AA46816B0D6AD006F931E /* facebook_ios_sdk-generated-files.hmap */; };
		469AA4E616B0D6AD006F931E /* facebook_ios_sdk-own-target-headers.hmap in Resources */ = {isa = PBXBuildFile; fileRef = 469AA46916B0D6AD006F931E /* facebook_ios_sdk-own-target-headers.hmap */; };
		469AA4E716B0D6AD006F931E /* facebook_ios_sdk-project-headers.hmap in Resources */ = {isa = PBXBuildFile; fileRef = 469AA46A16B0D6AD006F931E /* facebook_ios_sdk-project-headers.hmap */; };
		469AA4E816B0D6AD006F931E /* facebook_ios_sdk.hmap in Resources */ = {isa = PBXBuildFile; fileRef = 469AA46B16B0D6AD006F931E /* facebook_ios_sdk.hmap */; };
		469AA4E916B0D6AD006F931E /* facebook_ios_sdk-all-target-headers.hmap in Resources */ = {isa = PBXBuildFile; fileRef = 469AA46E16B0D6AD006F931E /* facebook_ios_sdk-all-target-headers.hmap */; };
		469AA4EA16B0D6AD006F931E /* facebook_ios_sdk-generated-files.hmap in Resources */ = {isa = PBXBuildFile; fileRef = 469AA46F16B0D6AD006F931E /* facebook_ios_sdk-generated-files.hmap */; };
		469AA4EB16B0D6AD006F931E /* facebook_ios_sdk-own-target-headers.hmap in Resources */ = {isa = PBXBuildFile; fileRef = 469AA47016B0D6AD006F931E /* facebook_ios_sdk-own-target-headers.hmap */; };
		469AA4EC16B0D6AD006F931E /* facebook_ios_sdk-project-headers.hmap in Resources */ = {isa = PBXBuildFile; fileRef = 469AA47116B0D6AD006F931E /* facebook_ios_sdk-project-headers.hmap */; };
		469AA4ED16B0D6AD006F931E /* facebook_ios_sdk.hmap in Resources */ = {isa = PBXBuildFile; fileRef = 469AA47216B0D6AD006F931E /* facebook_ios_sdk.hmap */; };
		469AA4EE16B0D6AD006F931E /* DataSet.m in Sources */ = {isa = PBXBuildFile; fileRef = 469AA47416B0D6AD006F931E /* DataSet.m */; };
		469AA4EF16B0D6AD006F931E /* Facebook.m in Sources */ = {isa = PBXBuildFile; fileRef = 469AA47916B0D6AD006F931E /* Facebook.m */; };
		469AA4F016B0D6AD006F931E /* FBConnect.bundle in Resources */ = {isa = PBXBuildFile; fileRef = 469AA47B16B0D6AD006F931E /* FBConnect.bundle */; };
		469AA4F116B0D6AD006F931E /* FBDialog.bundle in Resources */ = {isa = PBXBuildFile; fileRef = 469AA47D16B0D6AD006F931E /* FBDialog.bundle */; };
		469AA4F216B0D6AD006F931E /* FBDialog.m in Sources */ = {isa = PBXBuildFile; fileRef = 469AA47F16B0D6AD006F931E /* FBDialog.m */; };
		469AA4F316B0D6AD006F931E /* FBFrictionlessRequestSettings.m in Sources */ = {isa = PBXBuildFile; fileRef = 469AA48116B0D6AD006F931E /* FBFrictionlessRequestSettings.m */; };
		469AA4F416B0D6AD006F931E /* FBLoginDialog.m in Sources */ = {isa = PBXBuildFile; fileRef = 469AA48316B0D6AD006F931E /* FBLoginDialog.m */; };
		469AA4F516B0D6AD006F931E /* FBRequest.m in Sources */ = {isa = PBXBuildFile; fileRef = 469AA48516B0D6AD006F931E /* FBRequest.m */; };
		469AA4F616B0D6AD006F931E /* NSObject+SBJSON.m in Sources */ = {isa = PBXBuildFile; fileRef = 469AA48A16B0D6AD006F931E /* NSObject+SBJSON.m */; };
		469AA4F716B0D6AD006F931E /* NSString+SBJSON.m in Sources */ = {isa = PBXBuildFile; fileRef = 469AA48C16B0D6AD006F931E /* NSString+SBJSON.m */; };
		469AA4F816B0D6AD006F931E /* SBJSON.m in Sources */ = {isa = PBXBuildFile; fileRef = 469AA48E16B0D6AD006F931E /* SBJSON.m */; };
		469AA4F916B0D6AD006F931E /* SBJsonBase.m in Sources */ = {isa = PBXBuildFile; fileRef = 469AA49016B0D6AD006F931E /* SBJsonBase.m */; };
		469AA4FA16B0D6AD006F931E /* SBJsonParser.m in Sources */ = {isa = PBXBuildFile; fileRef = 469AA49216B0D6AD006F931E /* SBJsonParser.m */; };
		469AA4FB16B0D6AD006F931E /* SBJsonWriter.m in Sources */ = {isa = PBXBuildFile; fileRef = 469AA49416B0D6AD006F931E /* SBJsonWriter.m */; };
		469AA4FC16B0D6AD006F931E /* DEEmbossedLabel.m in Sources */ = {isa = PBXBuildFile; fileRef = 469AA49816B0D6AD006F931E /* DEEmbossedLabel.m */; };
		469AA4FD16B0D6AD006F931E /* DERuledView.m in Sources */ = {isa = PBXBuildFile; fileRef = 469AA49A16B0D6AD006F931E /* DERuledView.m */; };
		469AA4FE16B0D6AD006F931E /* DETweetAccountSelectorViewController.m in Sources */ = {isa = PBXBuildFile; fileRef = 469AA49C16B0D6AD006F931E /* DETweetAccountSelectorViewController.m */; };
		469AA4FF16B0D6AD006F931E /* DETweetComposeView.xib in Resources */ = {isa = PBXBuildFile; fileRef = 469AA49D16B0D6AD006F931E /* DETweetComposeView.xib */; };
		469AA50016B0D6AD006F931E /* DETweetComposeViewController.m in Sources */ = {isa = PBXBuildFile; fileRef = 469AA49F16B0D6AD006F931E /* DETweetComposeViewController.m */; };
		469AA50116B0D6AD006F931E /* DETweetGradientView.m in Sources */ = {isa = PBXBuildFile; fileRef = 469AA4A116B0D6AD006F931E /* DETweetGradientView.m */; };
		469AA50216B0D6AD006F931E /* DETweetPoster.m in Sources */ = {isa = PBXBuildFile; fileRef = 469AA4A316B0D6AD006F931E /* DETweetPoster.m */; };
		469AA50316B0D6AD006F931E /* DETweetSheetCardView.m in Sources */ = {isa = PBXBuildFile; fileRef = 469AA4A516B0D6AD006F931E /* DETweetSheetCardView.m */; };
		469AA50416B0D6AD006F931E /* DETweetTextView.m in Sources */ = {isa = PBXBuildFile; fileRef = 469AA4A716B0D6AD006F931E /* DETweetTextView.m */; };
		469AA50516B0D6AD006F931E /* OAuth+DEExtensions.m in Sources */ = {isa = PBXBuildFile; fileRef = 469AA4A916B0D6AD006F931E /* OAuth+DEExtensions.m */; };
		469AA50616B0D6AD006F931E /* OAuth+DEUserDefaults.m in Sources */ = {isa = PBXBuildFile; fileRef = 469AA4AB16B0D6AD006F931E /* OAuth+DEUserDefaults.m */; };
		469AA50716B0D6AD006F931E /* DETweetAttachmentFrame.png in Resources */ = {isa = PBXBuildFile; fileRef = 469AA4AD16B0D6AD006F931E /* DETweetAttachmentFrame.png */; };
		469AA50816B0D6AD006F931E /* DETweetAttachmentFrame@2x.png in Resources */ = {isa = PBXBuildFile; fileRef = 469AA4AE16B0D6AD006F931E /* DETweetAttachmentFrame@2x.png */; };
		469AA50916B0D6AD006F931E /* DETweetCancelButtonLandscape.png in Resources */ = {isa = PBXBuildFile; fileRef = 469AA4AF16B0D6AD006F931E /* DETweetCancelButtonLandscape.png */; };
		469AA50A16B0D6AD006F931E /* DETweetCancelButtonLandscape@2x.png in Resources */ = {isa = PBXBuildFile; fileRef = 469AA4B016B0D6AD006F931E /* DETweetCancelButtonLandscape@2x.png */; };
		469AA50B16B0D6AD006F931E /* DETweetCancelButtonPortrait.png in Resources */ = {isa = PBXBuildFile; fileRef = 469AA4B116B0D6AD006F931E /* DETweetCancelButtonPortrait.png */; };
		469AA50C16B0D6AD006F931E /* DETweetCancelButtonPortrait@2x.png in Resources */ = {isa = PBXBuildFile; fileRef = 469AA4B216B0D6AD006F931E /* DETweetCancelButtonPortrait@2x.png */; };
		469AA50D16B0D6AD006F931E /* DETweetCardAccountLine.png in Resources */ = {isa = PBXBuildFile; fileRef = 469AA4B316B0D6AD006F931E /* DETweetCardAccountLine.png */; };
		469AA50E16B0D6AD006F931E /* DETweetCardAccountLine@2x.png in Resources */ = {isa = PBXBuildFile; fileRef = 469AA4B416B0D6AD006F931E /* DETweetCardAccountLine@2x.png */; };
		469AA50F16B0D6AD006F931E /* DETweetCardBackground.png in Resources */ = {isa = PBXBuildFile; fileRef = 469AA4B516B0D6AD006F931E /* DETweetCardBackground.png */; };
		469AA51016B0D6AD006F931E /* DETweetCardBackground@2x.png in Resources */ = {isa = PBXBuildFile; fileRef = 469AA4B616B0D6AD006F931E /* DETweetCardBackground@2x.png */; };
		469AA51116B0D6AD006F931E /* DETweetCardHeaderLine.png in Resources */ = {isa = PBXBuildFile; fileRef = 469AA4B716B0D6AD006F931E /* DETweetCardHeaderLine.png */; };
		469AA51216B0D6AD006F931E /* DETweetCardHeaderLine@2x.png in Resources */ = {isa = PBXBuildFile; fileRef = 469AA4B816B0D6AD006F931E /* DETweetCardHeaderLine@2x.png */; };
		469AA51316B0D6AD006F931E /* DETweetPaperClip.png in Resources */ = {isa = PBXBuildFile; fileRef = 469AA4B916B0D6AD006F931E /* DETweetPaperClip.png */; };
		469AA51416B0D6AD006F931E /* DETweetPaperClip@2x.png in Resources */ = {isa = PBXBuildFile; fileRef = 469AA4BA16B0D6AD006F931E /* DETweetPaperClip@2x.png */; };
		469AA51516B0D6AD006F931E /* DETweetSendButtonLandscape.png in Resources */ = {isa = PBXBuildFile; fileRef = 469AA4BB16B0D6AD006F931E /* DETweetSendButtonLandscape.png */; };
		469AA51616B0D6AD006F931E /* DETweetSendButtonLandscape@2x.png in Resources */ = {isa = PBXBuildFile; fileRef = 469AA4BC16B0D6AD006F931E /* DETweetSendButtonLandscape@2x.png */; };
		469AA51716B0D6AD006F931E /* DETweetSendButtonPortrait.png in Resources */ = {isa = PBXBuildFile; fileRef = 469AA4BD16B0D6AD006F931E /* DETweetSendButtonPortrait.png */; };
		469AA51816B0D6AD006F931E /* DETweetSendButtonPortrait@2x.png in Resources */ = {isa = PBXBuildFile; fileRef = 469AA4BE16B0D6AD006F931E /* DETweetSendButtonPortrait@2x.png */; };
		469AA51916B0D6AD006F931E /* DETweetURLAttachment.png in Resources */ = {isa = PBXBuildFile; fileRef = 469AA4BF16B0D6AD006F931E /* DETweetURLAttachment.png */; };
		469AA51A16B0D6AD006F931E /* DETweetURLAttachment@2x.png in Resources */ = {isa = PBXBuildFile; fileRef = 469AA4C016B0D6AD006F931E /* DETweetURLAttachment@2x.png */; };
		469AA51B16B0D6AD006F931E /* UIApplication+DETweetComposeViewController.m in Sources */ = {isa = PBXBuildFile; fileRef = 469AA4C216B0D6AD006F931E /* UIApplication+DETweetComposeViewController.m */; };
		469AA51C16B0D6AD006F931E /* UIDevice+DETweetComposeViewController.m in Sources */ = {isa = PBXBuildFile; fileRef = 469AA4C416B0D6AD006F931E /* UIDevice+DETweetComposeViewController.m */; };
		469AA51D16B0D6AD006F931E /* Base64Transcoder.c in Sources */ = {isa = PBXBuildFile; fileRef = 469AA4C916B0D6AD006F931E /* Base64Transcoder.c */; };
		469AA51E16B0D6AD006F931E /* hmac.c in Sources */ = {isa = PBXBuildFile; fileRef = 469AA4CB16B0D6AD006F931E /* hmac.c */; };
		469AA51F16B0D6AD006F931E /* OAHMAC_SHA1SignatureProvider.m in Sources */ = {isa = PBXBuildFile; fileRef = 469AA4CE16B0D6AD006F931E /* OAHMAC_SHA1SignatureProvider.m */; };
		469AA52016B0D6AD006F931E /* sha1.c in Sources */ = {isa = PBXBuildFile; fileRef = 469AA4D016B0D6AD006F931E /* sha1.c */; };
		469AA52116B0D6AD006F931E /* DEHTTPRequest.m in Sources */ = {isa = PBXBuildFile; fileRef = 469AA4D316B0D6AD006F931E /* DEHTTPRequest.m */; };
		469AA52216B0D6AD006F931E /* NSString+URLEncoding.m in Sources */ = {isa = PBXBuildFile; fileRef = 469AA4D516B0D6AD006F931E /* NSString+URLEncoding.m */; };
		469AA52316B0D6AD006F931E /* OAuth.m in Sources */ = {isa = PBXBuildFile; fileRef = 469AA4D716B0D6AD006F931E /* OAuth.m */; };
		469AA52416B0D6AD006F931E /* tclose.png in Resources */ = {isa = PBXBuildFile; fileRef = 469AA4DD16B0D6AD006F931E /* tclose.png */; };
		469AA52516B0D6AD006F931E /* ticon.png in Resources */ = {isa = PBXBuildFile; fileRef = 469AA4DE16B0D6AD006F931E /* ticon.png */; };
		469AA52616B0D6AD006F931E /* TwitterDialog.m in Sources */ = {isa = PBXBuildFile; fileRef = 469AA4E016B0D6AD006F931E /* TwitterDialog.m */; };
		469AA52B16B0D6CA006F931E /* Accounts.framework in Frameworks */ = {isa = PBXBuildFile; fileRef = 469AA52A16B0D6CA006F931E /* Accounts.framework */; settings = {ATTRIBUTES = (Weak, ); }; };
		469AA52D16B0D6D0006F931E /* Twitter.framework in Frameworks */ = {isa = PBXBuildFile; fileRef = 469AA52C16B0D6D0006F931E /* Twitter.framework */; settings = {ATTRIBUTES = (Weak, ); }; };
		469AA52F16B0D6D7006F931E /* Social.framework in Frameworks */ = {isa = PBXBuildFile; fileRef = 469AA52E16B0D6D7006F931E /* Social.framework */; settings = {ATTRIBUTES = (Weak, ); }; };
		46CA250A16BD6FE300C18E76 /* CoreLocation.framework in Frameworks */ = {isa = PBXBuildFile; fileRef = 46CA250916BD6FE300C18E76 /* CoreLocation.framework */; };
		46CA250E16BD706500C18E76 /* CLLocation (Strings).m in Sources */ = {isa = PBXBuildFile; fileRef = 46CA250D16BD706500C18E76 /* CLLocation (Strings).m */; };
		46CA252116BD9D7100C18E76 /* MyAnnotation.m in Sources */ = {isa = PBXBuildFile; fileRef = 46CA252016BD9D7000C18E76 /* MyAnnotation.m */; };
		46CA252316BDA10D00C18E76 /* MapKit.framework in Frameworks */ = {isa = PBXBuildFile; fileRef = 46CA252216BDA10D00C18E76 /* MapKit.framework */; };
		ED138E8816C3894D00A39B1E /* progress.png in Resources */ = {isa = PBXBuildFile; fileRef = ED138E8516C3894D00A39B1E /* progress.png */; };
		ED138E8916C3894D00A39B1E /* racename_leadeboard.png in Resources */ = {isa = PBXBuildFile; fileRef = ED138E8616C3894D00A39B1E /* racename_leadeboard.png */; };
		ED138E8A16C3894D00A39B1E /* user_information.png in Resources */ = {isa = PBXBuildFile; fileRef = ED138E8716C3894D00A39B1E /* user_information.png */; };
		ED138E8C16C38BBA00A39B1E /* divider.png in Resources */ = {isa = PBXBuildFile; fileRef = ED138E8B16C38BBA00A39B1E /* divider.png */; };
		ED49ABB616B0F30700FF0D85 /* SystemConfiguration.framework in Frameworks */ = {isa = PBXBuildFile; fileRef = ED49ABB516B0F30700FF0D85 /* SystemConfiguration.framework */; };
		ED49ABB816B0F30B00FF0D85 /* Security.framework in Frameworks */ = {isa = PBXBuildFile; fileRef = ED49ABB716B0F30B00FF0D85 /* Security.framework */; };
		ED99980316C2158E00C51E00 /* home_hover.png in Resources */ = {isa = PBXBuildFile; fileRef = ED99980116C2158E00C51E00 /* home_hover.png */; };
		ED99980416C2158E00C51E00 /* home.png in Resources */ = {isa = PBXBuildFile; fileRef = ED99980216C2158E00C51E00 /* home.png */; };
		ED99980E16C21CCF00C51E00 /* AddMissingLetterQuestionViewController.m in Sources */ = {isa = PBXBuildFile; fileRef = ED99980C16C21CCF00C51E00 /* AddMissingLetterQuestionViewController.m */; };
		ED99980F16C21CCF00C51E00 /* AddMissingLetterQuestionViewController.xib in Resources */ = {isa = PBXBuildFile; fileRef = ED99980D16C21CCF00C51E00 /* AddMissingLetterQuestionViewController.xib */; };
		ED99982E16C23A0100C51E00 /* AddTrueFalseQuestionViewController.m in Sources */ = {isa = PBXBuildFile; fileRef = ED99982C16C23A0100C51E00 /* AddTrueFalseQuestionViewController.m */; };
		ED99982F16C23A0100C51E00 /* AddTrueFalseQuestionViewController.xib in Resources */ = {isa = PBXBuildFile; fileRef = ED99982D16C23A0100C51E00 /* AddTrueFalseQuestionViewController.xib */; };
		ED99983816C257CD00C51E00 /* ChooseLocationViewController.m in Sources */ = {isa = PBXBuildFile; fileRef = ED99983616C257CD00C51E00 /* ChooseLocationViewController.m */; };
		ED99983916C257CD00C51E00 /* ChooseLocationViewController.xib in Resources */ = {isa = PBXBuildFile; fileRef = ED99983716C257CD00C51E00 /* ChooseLocationViewController.xib */; };
		EDBC424E16C0E7C10010C90D /* account.png in Resources */ = {isa = PBXBuildFile; fileRef = EDBC424416C0E7C10010C90D /* account.png */; };
		EDBC424F16C0E7C10010C90D /* accounthover.png in Resources */ = {isa = PBXBuildFile; fileRef = EDBC424516C0E7C10010C90D /* accounthover.png */; };
		EDBC425016C0E7C10010C90D /* create.png in Resources */ = {isa = PBXBuildFile; fileRef = EDBC424616C0E7C10010C90D /* create.png */; };
		EDBC425116C0E7C10010C90D /* createhover.png in Resources */ = {isa = PBXBuildFile; fileRef = EDBC424716C0E7C10010C90D /* createhover.png */; };
		EDBC425416C0E7C10010C90D /* race.png in Resources */ = {isa = PBXBuildFile; fileRef = EDBC424A16C0E7C10010C90D /* race.png */; };
		EDBC425516C0E7C10010C90D /* racehover.png in Resources */ = {isa = PBXBuildFile; fileRef = EDBC424B16C0E7C10010C90D /* racehover.png */; };
		EDBC425616C0E7C10010C90D /* scores.png in Resources */ = {isa = PBXBuildFile; fileRef = EDBC424C16C0E7C10010C90D /* scores.png */; };
		EDBC425716C0E7C10010C90D /* scoreshover.png in Resources */ = {isa = PBXBuildFile; fileRef = EDBC424D16C0E7C10010C90D /* scoreshover.png */; };
/* End PBXBuildFile section */

/* Begin PBXContainerItemProxy section */
		469AA52816B0D6AE006F931E /* PBXContainerItemProxy */ = {
			isa = PBXContainerItemProxy;
			containerPortal = 469AA47516B0D6AD006F931E /* facebook-ios-sdk.xcodeproj */;
			proxyType = 2;
			remoteGlobalIDString = D2AAC07E0554694100DB518D;
			remoteInfo = "facebook-ios-sdk";
		};
/* End PBXContainerItemProxy section */

/* Begin PBXFileReference section */
		4601EB3316BE7AD500497ED0 /* backbutton.png */ = {isa = PBXFileReference; lastKnownFileType = image.png; path = backbutton.png; sourceTree = "<group>"; };
		4601EB3516BE7AD500497ED0 /* forgotpasswordbutton.png */ = {isa = PBXFileReference; lastKnownFileType = image.png; path = forgotpasswordbutton.png; sourceTree = "<group>"; };
		4601EB3616BE7AD500497ED0 /* login.png */ = {isa = PBXFileReference; lastKnownFileType = image.png; path = login.png; sourceTree = "<group>"; };
		4601EB3716BE7AD500497ED0 /* registerbutton.png */ = {isa = PBXFileReference; lastKnownFileType = image.png; path = registerbutton.png; sourceTree = "<group>"; };
		4601EB3D16BE7C0800497ED0 /* createaccountbutton.png */ = {isa = PBXFileReference; lastKnownFileType = image.png; path = createaccountbutton.png; sourceTree = "<group>"; };
		4601EB4316BEA3CC00497ED0 /* loginemail.png */ = {isa = PBXFileReference; lastKnownFileType = image.png; path = loginemail.png; sourceTree = "<group>"; };
		4601EB4416BEA3CC00497ED0 /* loginfacebook.png */ = {isa = PBXFileReference; lastKnownFileType = image.png; path = loginfacebook.png; sourceTree = "<group>"; };
		467DBDF116BD2EA50015CE60 /* AccountViewController.h */ = {isa = PBXFileReference; fileEncoding = 4; lastKnownFileType = sourcecode.c.h; path = AccountViewController.h; sourceTree = "<group>"; };
		467DBDF216BD2EA50015CE60 /* AccountViewController.m */ = {isa = PBXFileReference; fileEncoding = 4; lastKnownFileType = sourcecode.c.objc; path = AccountViewController.m; sourceTree = "<group>"; };
		467DBDF316BD2EA50015CE60 /* AccountViewController.xib */ = {isa = PBXFileReference; fileEncoding = 4; lastKnownFileType = file.xib; path = AccountViewController.xib; sourceTree = "<group>"; };
		467DBDF616BD2EBF0015CE60 /* CreateRaceViewController.h */ = {isa = PBXFileReference; fileEncoding = 4; lastKnownFileType = sourcecode.c.h; path = CreateRaceViewController.h; sourceTree = "<group>"; };
		467DBDF716BD2EBF0015CE60 /* CreateRaceViewController.m */ = {isa = PBXFileReference; fileEncoding = 4; lastKnownFileType = sourcecode.c.objc; path = CreateRaceViewController.m; sourceTree = "<group>"; };
		467DBDF816BD2EBF0015CE60 /* CreateRaceViewController.xib */ = {isa = PBXFileReference; fileEncoding = 4; lastKnownFileType = file.xib; path = CreateRaceViewController.xib; sourceTree = "<group>"; };
		467DBDFB16BD2EE50015CE60 /* RaceViewController.h */ = {isa = PBXFileReference; fileEncoding = 4; lastKnownFileType = sourcecode.c.h; path = RaceViewController.h; sourceTree = "<group>"; };
		467DBDFC16BD2EE50015CE60 /* RaceViewController.m */ = {isa = PBXFileReference; fileEncoding = 4; lastKnownFileType = sourcecode.c.objc; path = RaceViewController.m; sourceTree = "<group>"; };
		467DBDFD16BD2EE50015CE60 /* RaceViewController.xib */ = {isa = PBXFileReference; fileEncoding = 4; lastKnownFileType = file.xib; path = RaceViewController.xib; sourceTree = "<group>"; };
		467DBE0016BD2EFA0015CE60 /* ScoreViewController.h */ = {isa = PBXFileReference; fileEncoding = 4; lastKnownFileType = sourcecode.c.h; path = ScoreViewController.h; sourceTree = "<group>"; };
		467DBE0116BD2EFA0015CE60 /* ScoreViewController.m */ = {isa = PBXFileReference; fileEncoding = 4; lastKnownFileType = sourcecode.c.objc; path = ScoreViewController.m; sourceTree = "<group>"; };
		467DBE0216BD2EFA0015CE60 /* ScoreViewController.xib */ = {isa = PBXFileReference; fileEncoding = 4; lastKnownFileType = file.xib; path = ScoreViewController.xib; sourceTree = "<group>"; };
		468EE91116C17DDB0089044D /* CreateNewRaceViewController.h */ = {isa = PBXFileReference; fileEncoding = 4; lastKnownFileType = sourcecode.c.h; path = CreateNewRaceViewController.h; sourceTree = "<group>"; };
		468EE91216C17DDB0089044D /* CreateNewRaceViewController.m */ = {isa = PBXFileReference; fileEncoding = 4; lastKnownFileType = sourcecode.c.objc; path = CreateNewRaceViewController.m; sourceTree = "<group>"; };
		468EE91316C17DDB0089044D /* CreateNewRaceViewController.xib */ = {isa = PBXFileReference; fileEncoding = 4; lastKnownFileType = file.xib; path = CreateNewRaceViewController.xib; sourceTree = "<group>"; };
		468EE91C16C17F9E0089044D /* AddMultipleChoiceQuestionViewController.h */ = {isa = PBXFileReference; fileEncoding = 4; lastKnownFileType = sourcecode.c.h; path = AddMultipleChoiceQuestionViewController.h; sourceTree = "<group>"; };
		468EE91D16C17F9E0089044D /* AddMultipleChoiceQuestionViewController.m */ = {isa = PBXFileReference; fileEncoding = 4; lastKnownFileType = sourcecode.c.objc; path = AddMultipleChoiceQuestionViewController.m; sourceTree = "<group>"; };
		468EE91E16C17F9E0089044D /* AddMultipleChoiceQuestionViewController.xib */ = {isa = PBXFileReference; fileEncoding = 4; lastKnownFileType = file.xib; path = AddMultipleChoiceQuestionViewController.xib; sourceTree = "<group>"; };
		469460A616ADA3A60013F3D6 /* UltimageGeoTech.app */ = {isa = PBXFileReference; explicitFileType = wrapper.application; includeInIndex = 0; path = UltimageGeoTech.app; sourceTree = BUILT_PRODUCTS_DIR; };
		469460AA16ADA3A60013F3D6 /* UIKit.framework */ = {isa = PBXFileReference; lastKnownFileType = wrapper.framework; name = UIKit.framework; path = System/Library/Frameworks/UIKit.framework; sourceTree = SDKROOT; };
		469460AC16ADA3A60013F3D6 /* Foundation.framework */ = {isa = PBXFileReference; lastKnownFileType = wrapper.framework; name = Foundation.framework; path = System/Library/Frameworks/Foundation.framework; sourceTree = SDKROOT; };
		469460AE16ADA3A60013F3D6 /* CoreGraphics.framework */ = {isa = PBXFileReference; lastKnownFileType = wrapper.framework; name = CoreGraphics.framework; path = System/Library/Frameworks/CoreGraphics.framework; sourceTree = SDKROOT; };
		469460B216ADA3A60013F3D6 /* UltimageGeoTech-Info.plist */ = {isa = PBXFileReference; lastKnownFileType = text.plist.xml; path = "UltimageGeoTech-Info.plist"; sourceTree = "<group>"; };
		469460B416ADA3A60013F3D6 /* en */ = {isa = PBXFileReference; lastKnownFileType = text.plist.strings; name = en; path = en.lproj/InfoPlist.strings; sourceTree = "<group>"; };
		469460B616ADA3A60013F3D6 /* main.m */ = {isa = PBXFileReference; lastKnownFileType = sourcecode.c.objc; path = main.m; sourceTree = "<group>"; };
		469460B816ADA3A60013F3D6 /* UltimageGeoTech-Prefix.pch */ = {isa = PBXFileReference; lastKnownFileType = sourcecode.c.h; path = "UltimageGeoTech-Prefix.pch"; sourceTree = "<group>"; };
		469460BC16ADA3A60013F3D6 /* Default.png */ = {isa = PBXFileReference; lastKnownFileType = image.png; path = Default.png; sourceTree = "<group>"; };
		469460BE16ADA3A60013F3D6 /* Default@2x.png */ = {isa = PBXFileReference; lastKnownFileType = image.png; path = "Default@2x.png"; sourceTree = "<group>"; };
		469460C016ADA3A70013F3D6 /* Default-568h@2x.png */ = {isa = PBXFileReference; lastKnownFileType = image.png; path = "Default-568h@2x.png"; sourceTree = "<group>"; };
		469460D416ADB2D80013F3D6 /* AppDelegate.h */ = {isa = PBXFileReference; fileEncoding = 4; lastKnownFileType = sourcecode.c.h; path = AppDelegate.h; sourceTree = "<group>"; };
		469460D516ADB2D80013F3D6 /* AppDelegate.m */ = {isa = PBXFileReference; fileEncoding = 4; lastKnownFileType = sourcecode.c.objc; path = AppDelegate.m; sourceTree = "<group>"; };
		469460D716ADB2D80013F3D6 /* HomeScreenViewController.h */ = {isa = PBXFileReference; fileEncoding = 4; lastKnownFileType = sourcecode.c.h; path = HomeScreenViewController.h; sourceTree = "<group>"; };
		469460D816ADB2D80013F3D6 /* HomeScreenViewController.m */ = {isa = PBXFileReference; fileEncoding = 4; lastKnownFileType = sourcecode.c.objc; path = HomeScreenViewController.m; sourceTree = "<group>"; };
		469460D916ADB2D80013F3D6 /* HomeScreenViewController.xib */ = {isa = PBXFileReference; fileEncoding = 4; lastKnownFileType = file.xib; path = HomeScreenViewController.xib; sourceTree = "<group>"; };
		469460DB16ADB2D80013F3D6 /* MasterViewController.h */ = {isa = PBXFileReference; fileEncoding = 4; lastKnownFileType = sourcecode.c.h; path = MasterViewController.h; sourceTree = "<group>"; };
		469460DC16ADB2D80013F3D6 /* MasterViewController.m */ = {isa = PBXFileReference; fileEncoding = 4; lastKnownFileType = sourcecode.c.objc; path = MasterViewController.m; sourceTree = "<group>"; };
		469460DD16ADB2D80013F3D6 /* MasterViewController.xib */ = {isa = PBXFileReference; fileEncoding = 4; lastKnownFileType = file.xib; path = MasterViewController.xib; sourceTree = "<group>"; };
		469460EE16ADBDC20013F3D6 /* background.png */ = {isa = PBXFileReference; lastKnownFileType = image.png; path = background.png; sourceTree = "<group>"; };
		469460F016ADBEC40013F3D6 /* top_navigation_bar.png */ = {isa = PBXFileReference; lastKnownFileType = image.png; path = top_navigation_bar.png; sourceTree = "<group>"; };
		469AA46716B0D6AD006F931E /* facebook_ios_sdk-all-target-headers.hmap */ = {isa = PBXFileReference; lastKnownFileType = file; path = "facebook_ios_sdk-all-target-headers.hmap"; sourceTree = "<group>"; };
		469AA46816B0D6AD006F931E /* facebook_ios_sdk-generated-files.hmap */ = {isa = PBXFileReference; lastKnownFileType = file; path = "facebook_ios_sdk-generated-files.hmap"; sourceTree = "<group>"; };
		469AA46916B0D6AD006F931E /* facebook_ios_sdk-own-target-headers.hmap */ = {isa = PBXFileReference; lastKnownFileType = file; path = "facebook_ios_sdk-own-target-headers.hmap"; sourceTree = "<group>"; };
		469AA46A16B0D6AD006F931E /* facebook_ios_sdk-project-headers.hmap */ = {isa = PBXFileReference; lastKnownFileType = file; path = "facebook_ios_sdk-project-headers.hmap"; sourceTree = "<group>"; };
		469AA46B16B0D6AD006F931E /* facebook_ios_sdk.hmap */ = {isa = PBXFileReference; lastKnownFileType = file; path = facebook_ios_sdk.hmap; sourceTree = "<group>"; };
		469AA46E16B0D6AD006F931E /* facebook_ios_sdk-all-target-headers.hmap */ = {isa = PBXFileReference; lastKnownFileType = file; path = "facebook_ios_sdk-all-target-headers.hmap"; sourceTree = "<group>"; };
		469AA46F16B0D6AD006F931E /* facebook_ios_sdk-generated-files.hmap */ = {isa = PBXFileReference; lastKnownFileType = file; path = "facebook_ios_sdk-generated-files.hmap"; sourceTree = "<group>"; };
		469AA47016B0D6AD006F931E /* facebook_ios_sdk-own-target-headers.hmap */ = {isa = PBXFileReference; lastKnownFileType = file; path = "facebook_ios_sdk-own-target-headers.hmap"; sourceTree = "<group>"; };
		469AA47116B0D6AD006F931E /* facebook_ios_sdk-project-headers.hmap */ = {isa = PBXFileReference; lastKnownFileType = file; path = "facebook_ios_sdk-project-headers.hmap"; sourceTree = "<group>"; };
		469AA47216B0D6AD006F931E /* facebook_ios_sdk.hmap */ = {isa = PBXFileReference; lastKnownFileType = file; path = facebook_ios_sdk.hmap; sourceTree = "<group>"; };
		469AA47316B0D6AD006F931E /* DataSet.h */ = {isa = PBXFileReference; fileEncoding = 4; lastKnownFileType = sourcecode.c.h; path = DataSet.h; sourceTree = "<group>"; };
		469AA47416B0D6AD006F931E /* DataSet.m */ = {isa = PBXFileReference; fileEncoding = 4; lastKnownFileType = sourcecode.c.objc; path = DataSet.m; sourceTree = "<group>"; };
		469AA47516B0D6AD006F931E /* facebook-ios-sdk.xcodeproj */ = {isa = PBXFileReference; lastKnownFileType = "wrapper.pb-project"; path = "facebook-ios-sdk.xcodeproj"; sourceTree = "<group>"; };
		469AA47816B0D6AD006F931E /* Facebook.h */ = {isa = PBXFileReference; fileEncoding = 4; lastKnownFileType = sourcecode.c.h; path = Facebook.h; sourceTree = "<group>"; };
		469AA47916B0D6AD006F931E /* Facebook.m */ = {isa = PBXFileReference; fileEncoding = 4; lastKnownFileType = sourcecode.c.objc; path = Facebook.m; sourceTree = "<group>"; };
		469AA47A16B0D6AD006F931E /* facebook_ios_sdk_Prefix.pch */ = {isa = PBXFileReference; fileEncoding = 4; lastKnownFileType = sourcecode.c.h; path = facebook_ios_sdk_Prefix.pch; sourceTree = "<group>"; };
		469AA47B16B0D6AD006F931E /* FBConnect.bundle */ = {isa = PBXFileReference; lastKnownFileType = "wrapper.plug-in"; path = FBConnect.bundle; sourceTree = "<group>"; };
		469AA47C16B0D6AD006F931E /* FBConnect.h */ = {isa = PBXFileReference; fileEncoding = 4; lastKnownFileType = sourcecode.c.h; path = FBConnect.h; sourceTree = "<group>"; };
		469AA47D16B0D6AD006F931E /* FBDialog.bundle */ = {isa = PBXFileReference; lastKnownFileType = "wrapper.plug-in"; path = FBDialog.bundle; sourceTree = "<group>"; };
		469AA47E16B0D6AD006F931E /* FBDialog.h */ = {isa = PBXFileReference; fileEncoding = 4; lastKnownFileType = sourcecode.c.h; path = FBDialog.h; sourceTree = "<group>"; };
		469AA47F16B0D6AD006F931E /* FBDialog.m */ = {isa = PBXFileReference; fileEncoding = 4; lastKnownFileType = sourcecode.c.objc; path = FBDialog.m; sourceTree = "<group>"; };
		469AA48016B0D6AD006F931E /* FBFrictionlessRequestSettings.h */ = {isa = PBXFileReference; fileEncoding = 4; lastKnownFileType = sourcecode.c.h; path = FBFrictionlessRequestSettings.h; sourceTree = "<group>"; };
		469AA48116B0D6AD006F931E /* FBFrictionlessRequestSettings.m */ = {isa = PBXFileReference; fileEncoding = 4; lastKnownFileType = sourcecode.c.objc; path = FBFrictionlessRequestSettings.m; sourceTree = "<group>"; };
		469AA48216B0D6AD006F931E /* FBLoginDialog.h */ = {isa = PBXFileReference; fileEncoding = 4; lastKnownFileType = sourcecode.c.h; path = FBLoginDialog.h; sourceTree = "<group>"; };
		469AA48316B0D6AD006F931E /* FBLoginDialog.m */ = {isa = PBXFileReference; fileEncoding = 4; lastKnownFileType = sourcecode.c.objc; path = FBLoginDialog.m; sourceTree = "<group>"; };
		469AA48416B0D6AD006F931E /* FBRequest.h */ = {isa = PBXFileReference; fileEncoding = 4; lastKnownFileType = sourcecode.c.h; path = FBRequest.h; sourceTree = "<group>"; };
		469AA48516B0D6AD006F931E /* FBRequest.m */ = {isa = PBXFileReference; fileEncoding = 4; lastKnownFileType = sourcecode.c.objc; path = FBRequest.m; sourceTree = "<group>"; };
		469AA48816B0D6AD006F931E /* JSON.h */ = {isa = PBXFileReference; fileEncoding = 4; lastKnownFileType = sourcecode.c.h; path = JSON.h; sourceTree = "<group>"; };
		469AA48916B0D6AD006F931E /* NSObject+SBJSON.h */ = {isa = PBXFileReference; fileEncoding = 4; lastKnownFileType = sourcecode.c.h; path = "NSObject+SBJSON.h"; sourceTree = "<group>"; };
		469AA48A16B0D6AD006F931E /* NSObject+SBJSON.m */ = {isa = PBXFileReference; fileEncoding = 4; lastKnownFileType = sourcecode.c.objc; path = "NSObject+SBJSON.m"; sourceTree = "<group>"; };
		469AA48B16B0D6AD006F931E /* NSString+SBJSON.h */ = {isa = PBXFileReference; fileEncoding = 4; lastKnownFileType = sourcecode.c.h; path = "NSString+SBJSON.h"; sourceTree = "<group>"; };
		469AA48C16B0D6AD006F931E /* NSString+SBJSON.m */ = {isa = PBXFileReference; fileEncoding = 4; lastKnownFileType = sourcecode.c.objc; path = "NSString+SBJSON.m"; sourceTree = "<group>"; };
		469AA48D16B0D6AD006F931E /* SBJSON.h */ = {isa = PBXFileReference; fileEncoding = 4; lastKnownFileType = sourcecode.c.h; path = SBJSON.h; sourceTree = "<group>"; };
		469AA48E16B0D6AD006F931E /* SBJSON.m */ = {isa = PBXFileReference; fileEncoding = 4; lastKnownFileType = sourcecode.c.objc; path = SBJSON.m; sourceTree = "<group>"; };
		469AA48F16B0D6AD006F931E /* SBJsonBase.h */ = {isa = PBXFileReference; fileEncoding = 4; lastKnownFileType = sourcecode.c.h; path = SBJsonBase.h; sourceTree = "<group>"; };
		469AA49016B0D6AD006F931E /* SBJsonBase.m */ = {isa = PBXFileReference; fileEncoding = 4; lastKnownFileType = sourcecode.c.objc; path = SBJsonBase.m; sourceTree = "<group>"; };
		469AA49116B0D6AD006F931E /* SBJsonParser.h */ = {isa = PBXFileReference; fileEncoding = 4; lastKnownFileType = sourcecode.c.h; path = SBJsonParser.h; sourceTree = "<group>"; };
		469AA49216B0D6AD006F931E /* SBJsonParser.m */ = {isa = PBXFileReference; fileEncoding = 4; lastKnownFileType = sourcecode.c.objc; path = SBJsonParser.m; sourceTree = "<group>"; };
		469AA49316B0D6AD006F931E /* SBJsonWriter.h */ = {isa = PBXFileReference; fileEncoding = 4; lastKnownFileType = sourcecode.c.h; path = SBJsonWriter.h; sourceTree = "<group>"; };
		469AA49416B0D6AD006F931E /* SBJsonWriter.m */ = {isa = PBXFileReference; fileEncoding = 4; lastKnownFileType = sourcecode.c.objc; path = SBJsonWriter.m; sourceTree = "<group>"; };
		469AA49716B0D6AD006F931E /* DEEmbossedLabel.h */ = {isa = PBXFileReference; fileEncoding = 4; lastKnownFileType = sourcecode.c.h; path = DEEmbossedLabel.h; sourceTree = "<group>"; };
		469AA49816B0D6AD006F931E /* DEEmbossedLabel.m */ = {isa = PBXFileReference; fileEncoding = 4; lastKnownFileType = sourcecode.c.objc; path = DEEmbossedLabel.m; sourceTree = "<group>"; };
		469AA49916B0D6AD006F931E /* DERuledView.h */ = {isa = PBXFileReference; fileEncoding = 4; lastKnownFileType = sourcecode.c.h; path = DERuledView.h; sourceTree = "<group>"; };
		469AA49A16B0D6AD006F931E /* DERuledView.m */ = {isa = PBXFileReference; fileEncoding = 4; lastKnownFileType = sourcecode.c.objc; path = DERuledView.m; sourceTree = "<group>"; };
		469AA49B16B0D6AD006F931E /* DETweetAccountSelectorViewController.h */ = {isa = PBXFileReference; fileEncoding = 4; lastKnownFileType = sourcecode.c.h; path = DETweetAccountSelectorViewController.h; sourceTree = "<group>"; };
		469AA49C16B0D6AD006F931E /* DETweetAccountSelectorViewController.m */ = {isa = PBXFileReference; fileEncoding = 4; lastKnownFileType = sourcecode.c.objc; path = DETweetAccountSelectorViewController.m; sourceTree = "<group>"; };
		469AA49D16B0D6AD006F931E /* DETweetComposeView.xib */ = {isa = PBXFileReference; fileEncoding = 4; lastKnownFileType = file.xib; path = DETweetComposeView.xib; sourceTree = "<group>"; };
		469AA49E16B0D6AD006F931E /* DETweetComposeViewController.h */ = {isa = PBXFileReference; fileEncoding = 4; lastKnownFileType = sourcecode.c.h; path = DETweetComposeViewController.h; sourceTree = "<group>"; };
		469AA49F16B0D6AD006F931E /* DETweetComposeViewController.m */ = {isa = PBXFileReference; fileEncoding = 4; lastKnownFileType = sourcecode.c.objc; path = DETweetComposeViewController.m; sourceTree = "<group>"; };
		469AA4A016B0D6AD006F931E /* DETweetGradientView.h */ = {isa = PBXFileReference; fileEncoding = 4; lastKnownFileType = sourcecode.c.h; path = DETweetGradientView.h; sourceTree = "<group>"; };
		469AA4A116B0D6AD006F931E /* DETweetGradientView.m */ = {isa = PBXFileReference; fileEncoding = 4; lastKnownFileType = sourcecode.c.objc; path = DETweetGradientView.m; sourceTree = "<group>"; };
		469AA4A216B0D6AD006F931E /* DETweetPoster.h */ = {isa = PBXFileReference; fileEncoding = 4; lastKnownFileType = sourcecode.c.h; path = DETweetPoster.h; sourceTree = "<group>"; };
		469AA4A316B0D6AD006F931E /* DETweetPoster.m */ = {isa = PBXFileReference; fileEncoding = 4; lastKnownFileType = sourcecode.c.objc; path = DETweetPoster.m; sourceTree = "<group>"; };
		469AA4A416B0D6AD006F931E /* DETweetSheetCardView.h */ = {isa = PBXFileReference; fileEncoding = 4; lastKnownFileType = sourcecode.c.h; path = DETweetSheetCardView.h; sourceTree = "<group>"; };
		469AA4A516B0D6AD006F931E /* DETweetSheetCardView.m */ = {isa = PBXFileReference; fileEncoding = 4; lastKnownFileType = sourcecode.c.objc; path = DETweetSheetCardView.m; sourceTree = "<group>"; };
		469AA4A616B0D6AD006F931E /* DETweetTextView.h */ = {isa = PBXFileReference; fileEncoding = 4; lastKnownFileType = sourcecode.c.h; path = DETweetTextView.h; sourceTree = "<group>"; };
		469AA4A716B0D6AD006F931E /* DETweetTextView.m */ = {isa = PBXFileReference; fileEncoding = 4; lastKnownFileType = sourcecode.c.objc; path = DETweetTextView.m; sourceTree = "<group>"; };
		469AA4A816B0D6AD006F931E /* OAuth+DEExtensions.h */ = {isa = PBXFileReference; fileEncoding = 4; lastKnownFileType = sourcecode.c.h; path = "OAuth+DEExtensions.h"; sourceTree = "<group>"; };
		469AA4A916B0D6AD006F931E /* OAuth+DEExtensions.m */ = {isa = PBXFileReference; fileEncoding = 4; lastKnownFileType = sourcecode.c.objc; path = "OAuth+DEExtensions.m"; sourceTree = "<group>"; };
		469AA4AA16B0D6AD006F931E /* OAuth+DEUserDefaults.h */ = {isa = PBXFileReference; fileEncoding = 4; lastKnownFileType = sourcecode.c.h; path = "OAuth+DEUserDefaults.h"; sourceTree = "<group>"; };
		469AA4AB16B0D6AD006F931E /* OAuth+DEUserDefaults.m */ = {isa = PBXFileReference; fileEncoding = 4; lastKnownFileType = sourcecode.c.objc; path = "OAuth+DEUserDefaults.m"; sourceTree = "<group>"; };
		469AA4AD16B0D6AD006F931E /* DETweetAttachmentFrame.png */ = {isa = PBXFileReference; lastKnownFileType = image.png; path = DETweetAttachmentFrame.png; sourceTree = "<group>"; };
		469AA4AE16B0D6AD006F931E /* DETweetAttachmentFrame@2x.png */ = {isa = PBXFileReference; lastKnownFileType = image.png; path = "DETweetAttachmentFrame@2x.png"; sourceTree = "<group>"; };
		469AA4AF16B0D6AD006F931E /* DETweetCancelButtonLandscape.png */ = {isa = PBXFileReference; lastKnownFileType = image.png; path = DETweetCancelButtonLandscape.png; sourceTree = "<group>"; };
		469AA4B016B0D6AD006F931E /* DETweetCancelButtonLandscape@2x.png */ = {isa = PBXFileReference; lastKnownFileType = image.png; path = "DETweetCancelButtonLandscape@2x.png"; sourceTree = "<group>"; };
		469AA4B116B0D6AD006F931E /* DETweetCancelButtonPortrait.png */ = {isa = PBXFileReference; lastKnownFileType = image.png; path = DETweetCancelButtonPortrait.png; sourceTree = "<group>"; };
		469AA4B216B0D6AD006F931E /* DETweetCancelButtonPortrait@2x.png */ = {isa = PBXFileReference; lastKnownFileType = image.png; path = "DETweetCancelButtonPortrait@2x.png"; sourceTree = "<group>"; };
		469AA4B316B0D6AD006F931E /* DETweetCardAccountLine.png */ = {isa = PBXFileReference; lastKnownFileType = image.png; path = DETweetCardAccountLine.png; sourceTree = "<group>"; };
		469AA4B416B0D6AD006F931E /* DETweetCardAccountLine@2x.png */ = {isa = PBXFileReference; lastKnownFileType = image.png; path = "DETweetCardAccountLine@2x.png"; sourceTree = "<group>"; };
		469AA4B516B0D6AD006F931E /* DETweetCardBackground.png */ = {isa = PBXFileReference; lastKnownFileType = image.png; path = DETweetCardBackground.png; sourceTree = "<group>"; };
		469AA4B616B0D6AD006F931E /* DETweetCardBackground@2x.png */ = {isa = PBXFileReference; lastKnownFileType = image.png; path = "DETweetCardBackground@2x.png"; sourceTree = "<group>"; };
		469AA4B716B0D6AD006F931E /* DETweetCardHeaderLine.png */ = {isa = PBXFileReference; lastKnownFileType = image.png; path = DETweetCardHeaderLine.png; sourceTree = "<group>"; };
		469AA4B816B0D6AD006F931E /* DETweetCardHeaderLine@2x.png */ = {isa = PBXFileReference; lastKnownFileType = image.png; path = "DETweetCardHeaderLine@2x.png"; sourceTree = "<group>"; };
		469AA4B916B0D6AD006F931E /* DETweetPaperClip.png */ = {isa = PBXFileReference; lastKnownFileType = image.png; path = DETweetPaperClip.png; sourceTree = "<group>"; };
		469AA4BA16B0D6AD006F931E /* DETweetPaperClip@2x.png */ = {isa = PBXFileReference; lastKnownFileType = image.png; path = "DETweetPaperClip@2x.png"; sourceTree = "<group>"; };
		469AA4BB16B0D6AD006F931E /* DETweetSendButtonLandscape.png */ = {isa = PBXFileReference; lastKnownFileType = image.png; path = DETweetSendButtonLandscape.png; sourceTree = "<group>"; };
		469AA4BC16B0D6AD006F931E /* DETweetSendButtonLandscape@2x.png */ = {isa = PBXFileReference; lastKnownFileType = image.png; path = "DETweetSendButtonLandscape@2x.png"; sourceTree = "<group>"; };
		469AA4BD16B0D6AD006F931E /* DETweetSendButtonPortrait.png */ = {isa = PBXFileReference; lastKnownFileType = image.png; path = DETweetSendButtonPortrait.png; sourceTree = "<group>"; };
		469AA4BE16B0D6AD006F931E /* DETweetSendButtonPortrait@2x.png */ = {isa = PBXFileReference; lastKnownFileType = image.png; path = "DETweetSendButtonPortrait@2x.png"; sourceTree = "<group>"; };
		469AA4BF16B0D6AD006F931E /* DETweetURLAttachment.png */ = {isa = PBXFileReference; lastKnownFileType = image.png; path = DETweetURLAttachment.png; sourceTree = "<group>"; };
		469AA4C016B0D6AD006F931E /* DETweetURLAttachment@2x.png */ = {isa = PBXFileReference; lastKnownFileType = image.png; path = "DETweetURLAttachment@2x.png"; sourceTree = "<group>"; };
		469AA4C116B0D6AD006F931E /* UIApplication+DETweetComposeViewController.h */ = {isa = PBXFileReference; fileEncoding = 4; lastKnownFileType = sourcecode.c.h; path = "UIApplication+DETweetComposeViewController.h"; sourceTree = "<group>"; };
		469AA4C216B0D6AD006F931E /* UIApplication+DETweetComposeViewController.m */ = {isa = PBXFileReference; fileEncoding = 4; lastKnownFileType = sourcecode.c.objc; path = "UIApplication+DETweetComposeViewController.m"; sourceTree = "<group>"; };
		469AA4C316B0D6AD006F931E /* UIDevice+DETweetComposeViewController.h */ = {isa = PBXFileReference; fileEncoding = 4; lastKnownFileType = sourcecode.c.h; path = "UIDevice+DETweetComposeViewController.h"; sourceTree = "<group>"; };
		469AA4C416B0D6AD006F931E /* UIDevice+DETweetComposeViewController.m */ = {isa = PBXFileReference; fileEncoding = 4; lastKnownFileType = sourcecode.c.objc; path = "UIDevice+DETweetComposeViewController.m"; sourceTree = "<group>"; };
		469AA4C916B0D6AD006F931E /* Base64Transcoder.c */ = {isa = PBXFileReference; fileEncoding = 4; lastKnownFileType = sourcecode.c.c; path = Base64Transcoder.c; sourceTree = "<group>"; };
		469AA4CA16B0D6AD006F931E /* Base64Transcoder.h */ = {isa = PBXFileReference; fileEncoding = 4; lastKnownFileType = sourcecode.c.h; path = Base64Transcoder.h; sourceTree = "<group>"; };
		469AA4CB16B0D6AD006F931E /* hmac.c */ = {isa = PBXFileReference; fileEncoding = 4; lastKnownFileType = sourcecode.c.c; path = hmac.c; sourceTree = "<group>"; };
		469AA4CC16B0D6AD006F931E /* hmac.h */ = {isa = PBXFileReference; fileEncoding = 4; lastKnownFileType = sourcecode.c.h; path = hmac.h; sourceTree = "<group>"; };
		469AA4CD16B0D6AD006F931E /* OAHMAC_SHA1SignatureProvider.h */ = {isa = PBXFileReference; fileEncoding = 4; lastKnownFileType = sourcecode.c.h; path = OAHMAC_SHA1SignatureProvider.h; sourceTree = "<group>"; };
		469AA4CE16B0D6AD006F931E /* OAHMAC_SHA1SignatureProvider.m */ = {isa = PBXFileReference; fileEncoding = 4; lastKnownFileType = sourcecode.c.objc; path = OAHMAC_SHA1SignatureProvider.m; sourceTree = "<group>"; };
		469AA4CF16B0D6AD006F931E /* OASignatureProviding.h */ = {isa = PBXFileReference; fileEncoding = 4; lastKnownFileType = sourcecode.c.h; path = OASignatureProviding.h; sourceTree = "<group>"; };
		469AA4D016B0D6AD006F931E /* sha1.c */ = {isa = PBXFileReference; fileEncoding = 4; lastKnownFileType = sourcecode.c.c; path = sha1.c; sourceTree = "<group>"; };
		469AA4D116B0D6AD006F931E /* sha1.h */ = {isa = PBXFileReference; fileEncoding = 4; lastKnownFileType = sourcecode.c.h; path = sha1.h; sourceTree = "<group>"; };
		469AA4D216B0D6AD006F931E /* DEHTTPRequest.h */ = {isa = PBXFileReference; fileEncoding = 4; lastKnownFileType = sourcecode.c.h; path = DEHTTPRequest.h; sourceTree = "<group>"; };
		469AA4D316B0D6AD006F931E /* DEHTTPRequest.m */ = {isa = PBXFileReference; fileEncoding = 4; lastKnownFileType = sourcecode.c.objc; path = DEHTTPRequest.m; sourceTree = "<group>"; };
		469AA4D416B0D6AD006F931E /* NSString+URLEncoding.h */ = {isa = PBXFileReference; fileEncoding = 4; lastKnownFileType = sourcecode.c.h; path = "NSString+URLEncoding.h"; sourceTree = "<group>"; };
		469AA4D516B0D6AD006F931E /* NSString+URLEncoding.m */ = {isa = PBXFileReference; fileEncoding = 4; lastKnownFileType = sourcecode.c.objc; path = "NSString+URLEncoding.m"; sourceTree = "<group>"; };
		469AA4D616B0D6AD006F931E /* OAuth.h */ = {isa = PBXFileReference; fileEncoding = 4; lastKnownFileType = sourcecode.c.h; path = OAuth.h; sourceTree = "<group>"; };
		469AA4D716B0D6AD006F931E /* OAuth.m */ = {isa = PBXFileReference; fileEncoding = 4; lastKnownFileType = sourcecode.c.objc; path = OAuth.m; sourceTree = "<group>"; };
		469AA4D816B0D6AD006F931E /* OAuthConsumerCredentials.h */ = {isa = PBXFileReference; fileEncoding = 4; lastKnownFileType = sourcecode.c.h; path = OAuthConsumerCredentials.h; sourceTree = "<group>"; };
		469AA4DA16B0D6AD006F931E /* OAuthTwitterCallbacks.h */ = {isa = PBXFileReference; fileEncoding = 4; lastKnownFileType = sourcecode.c.h; path = OAuthTwitterCallbacks.h; sourceTree = "<group>"; };
		469AA4DB16B0D6AD006F931E /* TwitterLoginPopupDelegate.h */ = {isa = PBXFileReference; fileEncoding = 4; lastKnownFileType = sourcecode.c.h; path = TwitterLoginPopupDelegate.h; sourceTree = "<group>"; };
		469AA4DC16B0D6AD006F931E /* TwitterLoginUiFeedback.h */ = {isa = PBXFileReference; fileEncoding = 4; lastKnownFileType = sourcecode.c.h; path = TwitterLoginUiFeedback.h; sourceTree = "<group>"; };
		469AA4DD16B0D6AD006F931E /* tclose.png */ = {isa = PBXFileReference; lastKnownFileType = image.png; path = tclose.png; sourceTree = "<group>"; };
		469AA4DE16B0D6AD006F931E /* ticon.png */ = {isa = PBXFileReference; lastKnownFileType = image.png; path = ticon.png; sourceTree = "<group>"; };
		469AA4DF16B0D6AD006F931E /* TwitterDialog.h */ = {isa = PBXFileReference; fileEncoding = 4; lastKnownFileType = sourcecode.c.h; path = TwitterDialog.h; sourceTree = "<group>"; };
		469AA4E016B0D6AD006F931E /* TwitterDialog.m */ = {isa = PBXFileReference; fileEncoding = 4; lastKnownFileType = sourcecode.c.objc; path = TwitterDialog.m; sourceTree = "<group>"; };
		469AA52A16B0D6CA006F931E /* Accounts.framework */ = {isa = PBXFileReference; lastKnownFileType = wrapper.framework; name = Accounts.framework; path = System/Library/Frameworks/Accounts.framework; sourceTree = SDKROOT; };
		469AA52C16B0D6D0006F931E /* Twitter.framework */ = {isa = PBXFileReference; lastKnownFileType = wrapper.framework; name = Twitter.framework; path = System/Library/Frameworks/Twitter.framework; sourceTree = SDKROOT; };
		469AA52E16B0D6D7006F931E /* Social.framework */ = {isa = PBXFileReference; lastKnownFileType = wrapper.framework; name = Social.framework; path = System/Library/Frameworks/Social.framework; sourceTree = SDKROOT; };
		46CA250916BD6FE300C18E76 /* CoreLocation.framework */ = {isa = PBXFileReference; lastKnownFileType = wrapper.framework; name = CoreLocation.framework; path = System/Library/Frameworks/CoreLocation.framework; sourceTree = SDKROOT; };
		46CA250C16BD706500C18E76 /* CLLocation (Strings).h */ = {isa = PBXFileReference; fileEncoding = 4; lastKnownFileType = sourcecode.c.h; path = "CLLocation (Strings).h"; sourceTree = "<group>"; };
		46CA250D16BD706500C18E76 /* CLLocation (Strings).m */ = {isa = PBXFileReference; fileEncoding = 4; lastKnownFileType = sourcecode.c.objc; path = "CLLocation (Strings).m"; sourceTree = "<group>"; };
		46CA251F16BD9D7000C18E76 /* MyAnnotation.h */ = {isa = PBXFileReference; fileEncoding = 4; lastKnownFileType = sourcecode.c.h; path = MyAnnotation.h; sourceTree = "<group>"; };
		46CA252016BD9D7000C18E76 /* MyAnnotation.m */ = {isa = PBXFileReference; fileEncoding = 4; lastKnownFileType = sourcecode.c.objc; path = MyAnnotation.m; sourceTree = "<group>"; };
		46CA252216BDA10D00C18E76 /* MapKit.framework */ = {isa = PBXFileReference; lastKnownFileType = wrapper.framework; name = MapKit.framework; path = System/Library/Frameworks/MapKit.framework; sourceTree = SDKROOT; };
		ED138E8516C3894D00A39B1E /* progress.png */ = {isa = PBXFileReference; lastKnownFileType = image.png; path = progress.png; sourceTree = "<group>"; };
		ED138E8616C3894D00A39B1E /* racename_leadeboard.png */ = {isa = PBXFileReference; lastKnownFileType = image.png; path = racename_leadeboard.png; sourceTree = "<group>"; };
		ED138E8716C3894D00A39B1E /* user_information.png */ = {isa = PBXFileReference; lastKnownFileType = image.png; path = user_information.png; sourceTree = "<group>"; };
		ED138E8B16C38BBA00A39B1E /* divider.png */ = {isa = PBXFileReference; lastKnownFileType = image.png; path = divider.png; sourceTree = "<group>"; };
		ED49ABB516B0F30700FF0D85 /* SystemConfiguration.framework */ = {isa = PBXFileReference; lastKnownFileType = wrapper.framework; name = SystemConfiguration.framework; path = System/Library/Frameworks/SystemConfiguration.framework; sourceTree = SDKROOT; };
		ED49ABB716B0F30B00FF0D85 /* Security.framework */ = {isa = PBXFileReference; lastKnownFileType = wrapper.framework; name = Security.framework; path = System/Library/Frameworks/Security.framework; sourceTree = SDKROOT; };
		ED99980116C2158E00C51E00 /* home_hover.png */ = {isa = PBXFileReference; lastKnownFileType = image.png; path = home_hover.png; sourceTree = "<group>"; };
		ED99980216C2158E00C51E00 /* home.png */ = {isa = PBXFileReference; lastKnownFileType = image.png; path = home.png; sourceTree = "<group>"; };
		ED99980B16C21CCF00C51E00 /* AddMissingLetterQuestionViewController.h */ = {isa = PBXFileReference; fileEncoding = 4; lastKnownFileType = sourcecode.c.h; path = AddMissingLetterQuestionViewController.h; sourceTree = "<group>"; };
		ED99980C16C21CCF00C51E00 /* AddMissingLetterQuestionViewController.m */ = {isa = PBXFileReference; fileEncoding = 4; lastKnownFileType = sourcecode.c.objc; path = AddMissingLetterQuestionViewController.m; sourceTree = "<group>"; };
		ED99980D16C21CCF00C51E00 /* AddMissingLetterQuestionViewController.xib */ = {isa = PBXFileReference; fileEncoding = 4; lastKnownFileType = file.xib; path = AddMissingLetterQuestionViewController.xib; sourceTree = "<group>"; };
		ED99982B16C23A0100C51E00 /* AddTrueFalseQuestionViewController.h */ = {isa = PBXFileReference; fileEncoding = 4; lastKnownFileType = sourcecode.c.h; path = AddTrueFalseQuestionViewController.h; sourceTree = "<group>"; };
		ED99982C16C23A0100C51E00 /* AddTrueFalseQuestionViewController.m */ = {isa = PBXFileReference; fileEncoding = 4; lastKnownFileType = sourcecode.c.objc; path = AddTrueFalseQuestionViewController.m; sourceTree = "<group>"; };
		ED99982D16C23A0100C51E00 /* AddTrueFalseQuestionViewController.xib */ = {isa = PBXFileReference; fileEncoding = 4; lastKnownFileType = file.xib; path = AddTrueFalseQuestionViewController.xib; sourceTree = "<group>"; };
		ED99983516C257CD00C51E00 /* ChooseLocationViewController.h */ = {isa = PBXFileReference; fileEncoding = 4; lastKnownFileType = sourcecode.c.h; path = ChooseLocationViewController.h; sourceTree = "<group>"; };
		ED99983616C257CD00C51E00 /* ChooseLocationViewController.m */ = {isa = PBXFileReference; fileEncoding = 4; lastKnownFileType = sourcecode.c.objc; path = ChooseLocationViewController.m; sourceTree = "<group>"; };
		ED99983716C257CD00C51E00 /* ChooseLocationViewController.xib */ = {isa = PBXFileReference; fileEncoding = 4; lastKnownFileType = file.xib; path = ChooseLocationViewController.xib; sourceTree = "<group>"; };
		EDBC424416C0E7C10010C90D /* account.png */ = {isa = PBXFileReference; lastKnownFileType = image.png; path = account.png; sourceTree = "<group>"; };
		EDBC424516C0E7C10010C90D /* accounthover.png */ = {isa = PBXFileReference; lastKnownFileType = image.png; path = accounthover.png; sourceTree = "<group>"; };
		EDBC424616C0E7C10010C90D /* create.png */ = {isa = PBXFileReference; lastKnownFileType = image.png; path = create.png; sourceTree = "<group>"; };
		EDBC424716C0E7C10010C90D /* createhover.png */ = {isa = PBXFileReference; lastKnownFileType = image.png; path = createhover.png; sourceTree = "<group>"; };
		EDBC424A16C0E7C10010C90D /* race.png */ = {isa = PBXFileReference; lastKnownFileType = image.png; path = race.png; sourceTree = "<group>"; };
		EDBC424B16C0E7C10010C90D /* racehover.png */ = {isa = PBXFileReference; lastKnownFileType = image.png; path = racehover.png; sourceTree = "<group>"; };
		EDBC424C16C0E7C10010C90D /* scores.png */ = {isa = PBXFileReference; lastKnownFileType = image.png; path = scores.png; sourceTree = "<group>"; };
		EDBC424D16C0E7C10010C90D /* scoreshover.png */ = {isa = PBXFileReference; lastKnownFileType = image.png; path = scoreshover.png; sourceTree = "<group>"; };
/* End PBXFileReference section */

/* Begin PBXFrameworksBuildPhase section */
		469460A316ADA3A60013F3D6 /* Frameworks */ = {
			isa = PBXFrameworksBuildPhase;
			buildActionMask = 2147483647;
			files = (
				46CA252316BDA10D00C18E76 /* MapKit.framework in Frameworks */,
				46CA250A16BD6FE300C18E76 /* CoreLocation.framework in Frameworks */,
				ED49ABB816B0F30B00FF0D85 /* Security.framework in Frameworks */,
				ED49ABB616B0F30700FF0D85 /* SystemConfiguration.framework in Frameworks */,
				469AA52F16B0D6D7006F931E /* Social.framework in Frameworks */,
				469AA52D16B0D6D0006F931E /* Twitter.framework in Frameworks */,
				469AA52B16B0D6CA006F931E /* Accounts.framework in Frameworks */,
				469460AB16ADA3A60013F3D6 /* UIKit.framework in Frameworks */,
				469460AD16ADA3A60013F3D6 /* Foundation.framework in Frameworks */,
				469460AF16ADA3A60013F3D6 /* CoreGraphics.framework in Frameworks */,
			);
			runOnlyForDeploymentPostprocessing = 0;
		};
/* End PBXFrameworksBuildPhase section */

/* Begin PBXGroup section */
		467DBDED16BD29670015CE60 /* AccountViewController */ = {
			isa = PBXGroup;
			children = (
				467DBDF116BD2EA50015CE60 /* AccountViewController.h */,
				467DBDF216BD2EA50015CE60 /* AccountViewController.m */,
				467DBDF316BD2EA50015CE60 /* AccountViewController.xib */,
			);
			path = AccountViewController;
			sourceTree = "<group>";
		};
		467DBDEE16BD29670015CE60 /* CreateRaceViewController */ = {
			isa = PBXGroup;
			children = (
				ED99983416C257C100C51E00 /* ChooseLocationViewController */,
				ED99982A16C239EC00C51E00 /* AddTrueFalseQuestionViewController */,
				ED99980A16C21CCF00C51E00 /* AddMissingLetterQuestionViewController */,
				468EE91B16C17F9E0089044D /* AddMultipleChoiceQuestionViewController */,
				468EE91016C17DDB0089044D /* CreateNewRace */,
				467DBDF616BD2EBF0015CE60 /* CreateRaceViewController.h */,
				467DBDF716BD2EBF0015CE60 /* CreateRaceViewController.m */,
				467DBDF816BD2EBF0015CE60 /* CreateRaceViewController.xib */,
			);
			path = CreateRaceViewController;
			sourceTree = "<group>";
		};
		467DBDEF16BD29670015CE60 /* RaceViewController */ = {
			isa = PBXGroup;
			children = (
				467DBDFB16BD2EE50015CE60 /* RaceViewController.h */,
				467DBDFC16BD2EE50015CE60 /* RaceViewController.m */,
				467DBDFD16BD2EE50015CE60 /* RaceViewController.xib */,
			);
			path = RaceViewController;
			sourceTree = "<group>";
		};
		467DBDF016BD29670015CE60 /* ScoreViewController */ = {
			isa = PBXGroup;
			children = (
				467DBE0016BD2EFA0015CE60 /* ScoreViewController.h */,
				467DBE0116BD2EFA0015CE60 /* ScoreViewController.m */,
				467DBE0216BD2EFA0015CE60 /* ScoreViewController.xib */,
			);
			path = ScoreViewController;
			sourceTree = "<group>";
		};
		468EE91016C17DDB0089044D /* CreateNewRace */ = {
			isa = PBXGroup;
			children = (
				468EE91116C17DDB0089044D /* CreateNewRaceViewController.h */,
				468EE91216C17DDB0089044D /* CreateNewRaceViewController.m */,
				468EE91316C17DDB0089044D /* CreateNewRaceViewController.xib */,
			);
			path = CreateNewRace;
			sourceTree = "<group>";
		};
		468EE91B16C17F9E0089044D /* AddMultipleChoiceQuestionViewController */ = {
			isa = PBXGroup;
			children = (
				468EE91C16C17F9E0089044D /* AddMultipleChoiceQuestionViewController.h */,
				468EE91D16C17F9E0089044D /* AddMultipleChoiceQuestionViewController.m */,
				468EE91E16C17F9E0089044D /* AddMultipleChoiceQuestionViewController.xib */,
			);
			path = AddMultipleChoiceQuestionViewController;
			sourceTree = "<group>";
		};
		4694609B16ADA3A60013F3D6 = {
			isa = PBXGroup;
			children = (
				46CA252216BDA10D00C18E76 /* MapKit.framework */,
				46CA250916BD6FE300C18E76 /* CoreLocation.framework */,
				ED49ABB716B0F30B00FF0D85 /* Security.framework */,
				ED49ABB516B0F30700FF0D85 /* SystemConfiguration.framework */,
				469AA52E16B0D6D7006F931E /* Social.framework */,
				469AA52C16B0D6D0006F931E /* Twitter.framework */,
				469AA52A16B0D6CA006F931E /* Accounts.framework */,
				469460B016ADA3A60013F3D6 /* UltimageGeoTech */,
				469460A916ADA3A60013F3D6 /* Frameworks */,
				469460A716ADA3A60013F3D6 /* Products */,
			);
			sourceTree = "<group>";
		};
		469460A716ADA3A60013F3D6 /* Products */ = {
			isa = PBXGroup;
			children = (
				469460A616ADA3A60013F3D6 /* UltimageGeoTech.app */,
			);
			name = Products;
			sourceTree = "<group>";
		};
		469460A916ADA3A60013F3D6 /* Frameworks */ = {
			isa = PBXGroup;
			children = (
				469460AA16ADA3A60013F3D6 /* UIKit.framework */,
				469460AC16ADA3A60013F3D6 /* Foundation.framework */,
				469460AE16ADA3A60013F3D6 /* CoreGraphics.framework */,
			);
			name = Frameworks;
			sourceTree = "<group>";
		};
		469460B016ADA3A60013F3D6 /* UltimageGeoTech */ = {
			isa = PBXGroup;
			children = (
				46CA250B16BD706500C18E76 /* LocationManager */,
				467DBDED16BD29670015CE60 /* AccountViewController */,
				467DBDEE16BD29670015CE60 /* CreateRaceViewController */,
				467DBDEF16BD29670015CE60 /* RaceViewController */,
				467DBDF016BD29670015CE60 /* ScoreViewController */,
				469AA46016B0D6AD006F931E /* Share */,
				469460D316ADB2D80013F3D6 /* AppDelegate */,
				469460D616ADB2D80013F3D6 /* HomeScreenViewController */,
				469460DA16ADB2D80013F3D6 /* LoginViewController */,
				469460B116ADA3A60013F3D6 /* Supporting Files */,
			);
			path = UltimageGeoTech;
			sourceTree = "<group>";
		};
		469460B116ADA3A60013F3D6 /* Supporting Files */ = {
			isa = PBXGroup;
			children = (
				469460ED16ADBDC20013F3D6 /* images */,
				469460B216ADA3A60013F3D6 /* UltimageGeoTech-Info.plist */,
				469460B316ADA3A60013F3D6 /* InfoPlist.strings */,
				469460B616ADA3A60013F3D6 /* main.m */,
				469460B816ADA3A60013F3D6 /* UltimageGeoTech-Prefix.pch */,
				469460BC16ADA3A60013F3D6 /* Default.png */,
				469460BE16ADA3A60013F3D6 /* Default@2x.png */,
				469460C016ADA3A70013F3D6 /* Default-568h@2x.png */,
			);
			name = "Supporting Files";
			sourceTree = "<group>";
		};
		469460D316ADB2D80013F3D6 /* AppDelegate */ = {
			isa = PBXGroup;
			children = (
				469460D416ADB2D80013F3D6 /* AppDelegate.h */,
				469460D516ADB2D80013F3D6 /* AppDelegate.m */,
			);
			path = AppDelegate;
			sourceTree = "<group>";
		};
		469460D616ADB2D80013F3D6 /* HomeScreenViewController */ = {
			isa = PBXGroup;
			children = (
				469460D716ADB2D80013F3D6 /* HomeScreenViewController.h */,
				469460D816ADB2D80013F3D6 /* HomeScreenViewController.m */,
				469460D916ADB2D80013F3D6 /* HomeScreenViewController.xib */,
			);
			path = HomeScreenViewController;
			sourceTree = "<group>";
		};
		469460DA16ADB2D80013F3D6 /* LoginViewController */ = {
			isa = PBXGroup;
			children = (
				469460DB16ADB2D80013F3D6 /* MasterViewController.h */,
				469460DC16ADB2D80013F3D6 /* MasterViewController.m */,
				469460DD16ADB2D80013F3D6 /* MasterViewController.xib */,
			);
			path = LoginViewController;
			sourceTree = "<group>";
		};
		469460ED16ADBDC20013F3D6 /* images */ = {
			isa = PBXGroup;
			children = (
				ED138E8416C3894D00A39B1E /* Account */,
				EDBC424316C0E7C10010C90D /* tababr */,
				4601EB4316BEA3CC00497ED0 /* loginemail.png */,
				4601EB4416BEA3CC00497ED0 /* loginfacebook.png */,
				4601EB3D16BE7C0800497ED0 /* createaccountbutton.png */,
				4601EB3316BE7AD500497ED0 /* backbutton.png */,
				4601EB3516BE7AD500497ED0 /* forgotpasswordbutton.png */,
				4601EB3616BE7AD500497ED0 /* login.png */,
				4601EB3716BE7AD500497ED0 /* registerbutton.png */,
				469460F016ADBEC40013F3D6 /* top_navigation_bar.png */,
				469460EE16ADBDC20013F3D6 /* background.png */,
			);
			path = images;
			sourceTree = "<group>";
		};
		469AA46016B0D6AD006F931E /* Share */ = {
			isa = PBXGroup;
			children = (
				469AA46116B0D6AD006F931E /* Facebook */,
				469AA49516B0D6AD006F931E /* Twitter */,
			);
			path = Share;
			sourceTree = "<group>";
		};
		469AA46116B0D6AD006F931E /* Facebook */ = {
			isa = PBXGroup;
			children = (
				469AA46216B0D6AD006F931E /* FBConnect */,
				469AA48716B0D6AD006F931E /* JSON */,
			);
			path = Facebook;
			sourceTree = "<group>";
		};
		469AA46216B0D6AD006F931E /* FBConnect */ = {
			isa = PBXGroup;
			children = (
				469AA46316B0D6AD006F931E /* build */,
				469AA47316B0D6AD006F931E /* DataSet.h */,
				469AA47416B0D6AD006F931E /* DataSet.m */,
				469AA47516B0D6AD006F931E /* facebook-ios-sdk.xcodeproj */,
				469AA47816B0D6AD006F931E /* Facebook.h */,
				469AA47916B0D6AD006F931E /* Facebook.m */,
				469AA47A16B0D6AD006F931E /* facebook_ios_sdk_Prefix.pch */,
				469AA47B16B0D6AD006F931E /* FBConnect.bundle */,
				469AA47C16B0D6AD006F931E /* FBConnect.h */,
				469AA47D16B0D6AD006F931E /* FBDialog.bundle */,
				469AA47E16B0D6AD006F931E /* FBDialog.h */,
				469AA47F16B0D6AD006F931E /* FBDialog.m */,
				469AA48016B0D6AD006F931E /* FBFrictionlessRequestSettings.h */,
				469AA48116B0D6AD006F931E /* FBFrictionlessRequestSettings.m */,
				469AA48216B0D6AD006F931E /* FBLoginDialog.h */,
				469AA48316B0D6AD006F931E /* FBLoginDialog.m */,
				469AA48416B0D6AD006F931E /* FBRequest.h */,
				469AA48516B0D6AD006F931E /* FBRequest.m */,
				469AA48616B0D6AD006F931E /* JSON */,
			);
			path = FBConnect;
			sourceTree = "<group>";
		};
		469AA46316B0D6AD006F931E /* build */ = {
			isa = PBXGroup;
			children = (
				469AA46416B0D6AD006F931E /* facebook-ios-sdk.build */,
			);
			path = build;
			sourceTree = "<group>";
		};
		469AA46416B0D6AD006F931E /* facebook-ios-sdk.build */ = {
			isa = PBXGroup;
			children = (
				469AA46516B0D6AD006F931E /* Debug-iphoneos */,
				469AA46C16B0D6AD006F931E /* Debug-iphonesimulator */,
			);
			path = "facebook-ios-sdk.build";
			sourceTree = "<group>";
		};
		469AA46516B0D6AD006F931E /* Debug-iphoneos */ = {
			isa = PBXGroup;
			children = (
				469AA46616B0D6AD006F931E /* facebook-ios-sdk.build */,
			);
			path = "Debug-iphoneos";
			sourceTree = "<group>";
		};
		469AA46616B0D6AD006F931E /* facebook-ios-sdk.build */ = {
			isa = PBXGroup;
			children = (
				469AA46716B0D6AD006F931E /* facebook_ios_sdk-all-target-headers.hmap */,
				469AA46816B0D6AD006F931E /* facebook_ios_sdk-generated-files.hmap */,
				469AA46916B0D6AD006F931E /* facebook_ios_sdk-own-target-headers.hmap */,
				469AA46A16B0D6AD006F931E /* facebook_ios_sdk-project-headers.hmap */,
				469AA46B16B0D6AD006F931E /* facebook_ios_sdk.hmap */,
			);
			path = "facebook-ios-sdk.build";
			sourceTree = "<group>";
		};
		469AA46C16B0D6AD006F931E /* Debug-iphonesimulator */ = {
			isa = PBXGroup;
			children = (
				469AA46D16B0D6AD006F931E /* facebook-ios-sdk.build */,
			);
			path = "Debug-iphonesimulator";
			sourceTree = "<group>";
		};
		469AA46D16B0D6AD006F931E /* facebook-ios-sdk.build */ = {
			isa = PBXGroup;
			children = (
				469AA46E16B0D6AD006F931E /* facebook_ios_sdk-all-target-headers.hmap */,
				469AA46F16B0D6AD006F931E /* facebook_ios_sdk-generated-files.hmap */,
				469AA47016B0D6AD006F931E /* facebook_ios_sdk-own-target-headers.hmap */,
				469AA47116B0D6AD006F931E /* facebook_ios_sdk-project-headers.hmap */,
				469AA47216B0D6AD006F931E /* facebook_ios_sdk.hmap */,
			);
			path = "facebook-ios-sdk.build";
			sourceTree = "<group>";
		};
		469AA47616B0D6AD006F931E /* Products */ = {
			isa = PBXGroup;
			children = (
				469AA52916B0D6AE006F931E /* libfacebook_ios_sdk.a */,
			);
			name = Products;
			sourceTree = "<group>";
		};
		469AA48616B0D6AD006F931E /* JSON */ = {
			isa = PBXGroup;
			children = (
			);
			path = JSON;
			sourceTree = "<group>";
		};
		469AA48716B0D6AD006F931E /* JSON */ = {
			isa = PBXGroup;
			children = (
				469AA48816B0D6AD006F931E /* JSON.h */,
				469AA48916B0D6AD006F931E /* NSObject+SBJSON.h */,
				469AA48A16B0D6AD006F931E /* NSObject+SBJSON.m */,
				469AA48B16B0D6AD006F931E /* NSString+SBJSON.h */,
				469AA48C16B0D6AD006F931E /* NSString+SBJSON.m */,
				469AA48D16B0D6AD006F931E /* SBJSON.h */,
				469AA48E16B0D6AD006F931E /* SBJSON.m */,
				469AA48F16B0D6AD006F931E /* SBJsonBase.h */,
				469AA49016B0D6AD006F931E /* SBJsonBase.m */,
				469AA49116B0D6AD006F931E /* SBJsonParser.h */,
				469AA49216B0D6AD006F931E /* SBJsonParser.m */,
				469AA49316B0D6AD006F931E /* SBJsonWriter.h */,
				469AA49416B0D6AD006F931E /* SBJsonWriter.m */,
			);
			path = JSON;
			sourceTree = "<group>";
		};
		469AA49516B0D6AD006F931E /* Twitter */ = {
			isa = PBXGroup;
			children = (
				469AA49616B0D6AD006F931E /* DETweetComposeViewController */,
				469AA4C516B0D6AD006F931E /* unofficial-twitter-sdk */,
			);
			path = Twitter;
			sourceTree = "<group>";
		};
		469AA49616B0D6AD006F931E /* DETweetComposeViewController */ = {
			isa = PBXGroup;
			children = (
				469AA49716B0D6AD006F931E /* DEEmbossedLabel.h */,
				469AA49816B0D6AD006F931E /* DEEmbossedLabel.m */,
				469AA49916B0D6AD006F931E /* DERuledView.h */,
				469AA49A16B0D6AD006F931E /* DERuledView.m */,
				469AA49B16B0D6AD006F931E /* DETweetAccountSelectorViewController.h */,
				469AA49C16B0D6AD006F931E /* DETweetAccountSelectorViewController.m */,
				469AA49D16B0D6AD006F931E /* DETweetComposeView.xib */,
				469AA49E16B0D6AD006F931E /* DETweetComposeViewController.h */,
				469AA49F16B0D6AD006F931E /* DETweetComposeViewController.m */,
				469AA4A016B0D6AD006F931E /* DETweetGradientView.h */,
				469AA4A116B0D6AD006F931E /* DETweetGradientView.m */,
				469AA4A216B0D6AD006F931E /* DETweetPoster.h */,
				469AA4A316B0D6AD006F931E /* DETweetPoster.m */,
				469AA4A416B0D6AD006F931E /* DETweetSheetCardView.h */,
				469AA4A516B0D6AD006F931E /* DETweetSheetCardView.m */,
				469AA4A616B0D6AD006F931E /* DETweetTextView.h */,
				469AA4A716B0D6AD006F931E /* DETweetTextView.m */,
				469AA4A816B0D6AD006F931E /* OAuth+DEExtensions.h */,
				469AA4A916B0D6AD006F931E /* OAuth+DEExtensions.m */,
				469AA4AA16B0D6AD006F931E /* OAuth+DEUserDefaults.h */,
				469AA4AB16B0D6AD006F931E /* OAuth+DEUserDefaults.m */,
				469AA4AC16B0D6AD006F931E /* Resources */,
				469AA4C116B0D6AD006F931E /* UIApplication+DETweetComposeViewController.h */,
				469AA4C216B0D6AD006F931E /* UIApplication+DETweetComposeViewController.m */,
				469AA4C316B0D6AD006F931E /* UIDevice+DETweetComposeViewController.h */,
				469AA4C416B0D6AD006F931E /* UIDevice+DETweetComposeViewController.m */,
			);
			path = DETweetComposeViewController;
			sourceTree = "<group>";
		};
		469AA4AC16B0D6AD006F931E /* Resources */ = {
			isa = PBXGroup;
			children = (
				469AA4AD16B0D6AD006F931E /* DETweetAttachmentFrame.png */,
				469AA4AE16B0D6AD006F931E /* DETweetAttachmentFrame@2x.png */,
				469AA4AF16B0D6AD006F931E /* DETweetCancelButtonLandscape.png */,
				469AA4B016B0D6AD006F931E /* DETweetCancelButtonLandscape@2x.png */,
				469AA4B116B0D6AD006F931E /* DETweetCancelButtonPortrait.png */,
				469AA4B216B0D6AD006F931E /* DETweetCancelButtonPortrait@2x.png */,
				469AA4B316B0D6AD006F931E /* DETweetCardAccountLine.png */,
				469AA4B416B0D6AD006F931E /* DETweetCardAccountLine@2x.png */,
				469AA4B516B0D6AD006F931E /* DETweetCardBackground.png */,
				469AA4B616B0D6AD006F931E /* DETweetCardBackground@2x.png */,
				469AA4B716B0D6AD006F931E /* DETweetCardHeaderLine.png */,
				469AA4B816B0D6AD006F931E /* DETweetCardHeaderLine@2x.png */,
				469AA4B916B0D6AD006F931E /* DETweetPaperClip.png */,
				469AA4BA16B0D6AD006F931E /* DETweetPaperClip@2x.png */,
				469AA4BB16B0D6AD006F931E /* DETweetSendButtonLandscape.png */,
				469AA4BC16B0D6AD006F931E /* DETweetSendButtonLandscape@2x.png */,
				469AA4BD16B0D6AD006F931E /* DETweetSendButtonPortrait.png */,
				469AA4BE16B0D6AD006F931E /* DETweetSendButtonPortrait@2x.png */,
				469AA4BF16B0D6AD006F931E /* DETweetURLAttachment.png */,
				469AA4C016B0D6AD006F931E /* DETweetURLAttachment@2x.png */,
			);
			path = Resources;
			sourceTree = "<group>";
		};
		469AA4C516B0D6AD006F931E /* unofficial-twitter-sdk */ = {
			isa = PBXGroup;
			children = (
				469AA4C616B0D6AD006F931E /* OAuth */,
				469AA4DD16B0D6AD006F931E /* tclose.png */,
				469AA4DE16B0D6AD006F931E /* ticon.png */,
				469AA4DF16B0D6AD006F931E /* TwitterDialog.h */,
				469AA4E016B0D6AD006F931E /* TwitterDialog.m */,
			);
			path = "unofficial-twitter-sdk";
			sourceTree = "<group>";
		};
		469AA4C616B0D6AD006F931E /* OAuth */ = {
			isa = PBXGroup;
			children = (
				469AA4C716B0D6AD006F931E /* Guts */,
				469AA4D816B0D6AD006F931E /* OAuthConsumerCredentials.h */,
				469AA4D916B0D6AD006F931E /* Protocols */,
			);
			path = OAuth;
			sourceTree = "<group>";
		};
		469AA4C716B0D6AD006F931E /* Guts */ = {
			isa = PBXGroup;
			children = (
				469AA4C816B0D6AD006F931E /* Crypto */,
				469AA4D216B0D6AD006F931E /* DEHTTPRequest.h */,
				469AA4D316B0D6AD006F931E /* DEHTTPRequest.m */,
				469AA4D416B0D6AD006F931E /* NSString+URLEncoding.h */,
				469AA4D516B0D6AD006F931E /* NSString+URLEncoding.m */,
				469AA4D616B0D6AD006F931E /* OAuth.h */,
				469AA4D716B0D6AD006F931E /* OAuth.m */,
			);
			path = Guts;
			sourceTree = "<group>";
		};
		469AA4C816B0D6AD006F931E /* Crypto */ = {
			isa = PBXGroup;
			children = (
				469AA4C916B0D6AD006F931E /* Base64Transcoder.c */,
				469AA4CA16B0D6AD006F931E /* Base64Transcoder.h */,
				469AA4CB16B0D6AD006F931E /* hmac.c */,
				469AA4CC16B0D6AD006F931E /* hmac.h */,
				469AA4CD16B0D6AD006F931E /* OAHMAC_SHA1SignatureProvider.h */,
				469AA4CE16B0D6AD006F931E /* OAHMAC_SHA1SignatureProvider.m */,
				469AA4CF16B0D6AD006F931E /* OASignatureProviding.h */,
				469AA4D016B0D6AD006F931E /* sha1.c */,
				469AA4D116B0D6AD006F931E /* sha1.h */,
			);
			path = Crypto;
			sourceTree = "<group>";
		};
		469AA4D916B0D6AD006F931E /* Protocols */ = {
			isa = PBXGroup;
			children = (
				469AA4DA16B0D6AD006F931E /* OAuthTwitterCallbacks.h */,
				469AA4DB16B0D6AD006F931E /* TwitterLoginPopupDelegate.h */,
				469AA4DC16B0D6AD006F931E /* TwitterLoginUiFeedback.h */,
			);
			path = Protocols;
			sourceTree = "<group>";
		};
		46CA250B16BD706500C18E76 /* LocationManager */ = {
			isa = PBXGroup;
			children = (
				46CA251F16BD9D7000C18E76 /* MyAnnotation.h */,
				46CA252016BD9D7000C18E76 /* MyAnnotation.m */,
				46CA250C16BD706500C18E76 /* CLLocation (Strings).h */,
				46CA250D16BD706500C18E76 /* CLLocation (Strings).m */,
			);
			path = LocationManager;
			sourceTree = "<group>";
		};
		ED138E8416C3894D00A39B1E /* Account */ = {
			isa = PBXGroup;
			children = (
				ED138E8B16C38BBA00A39B1E /* divider.png */,
				ED138E8516C3894D00A39B1E /* progress.png */,
				ED138E8616C3894D00A39B1E /* racename_leadeboard.png */,
				ED138E8716C3894D00A39B1E /* user_information.png */,
			);
			path = Account;
			sourceTree = "<group>";
		};
		ED99980A16C21CCF00C51E00 /* AddMissingLetterQuestionViewController */ = {
			isa = PBXGroup;
			children = (
				ED99980B16C21CCF00C51E00 /* AddMissingLetterQuestionViewController.h */,
				ED99980C16C21CCF00C51E00 /* AddMissingLetterQuestionViewController.m */,
				ED99980D16C21CCF00C51E00 /* AddMissingLetterQuestionViewController.xib */,
			);
			path = AddMissingLetterQuestionViewController;
			sourceTree = "<group>";
		};
		ED99982A16C239EC00C51E00 /* AddTrueFalseQuestionViewController */ = {
			isa = PBXGroup;
			children = (
				ED99982B16C23A0100C51E00 /* AddTrueFalseQuestionViewController.h */,
				ED99982C16C23A0100C51E00 /* AddTrueFalseQuestionViewController.m */,
				ED99982D16C23A0100C51E00 /* AddTrueFalseQuestionViewController.xib */,
			);
			path = AddTrueFalseQuestionViewController;
			sourceTree = "<group>";
		};
		ED99983416C257C100C51E00 /* ChooseLocationViewController */ = {
			isa = PBXGroup;
			children = (
				ED99983516C257CD00C51E00 /* ChooseLocationViewController.h */,
				ED99983616C257CD00C51E00 /* ChooseLocationViewController.m */,
				ED99983716C257CD00C51E00 /* ChooseLocationViewController.xib */,
			);
			path = ChooseLocationViewController;
			sourceTree = "<group>";
		};
		EDBC424316C0E7C10010C90D /* tababr */ = {
			isa = PBXGroup;
			children = (
				ED99980116C2158E00C51E00 /* home_hover.png */,
				ED99980216C2158E00C51E00 /* home.png */,
				EDBC424416C0E7C10010C90D /* account.png */,
				EDBC424516C0E7C10010C90D /* accounthover.png */,
				EDBC424616C0E7C10010C90D /* create.png */,
				EDBC424716C0E7C10010C90D /* createhover.png */,
				EDBC424A16C0E7C10010C90D /* race.png */,
				EDBC424B16C0E7C10010C90D /* racehover.png */,
				EDBC424C16C0E7C10010C90D /* scores.png */,
				EDBC424D16C0E7C10010C90D /* scoreshover.png */,
			);
			path = tababr;
			sourceTree = "<group>";
		};
/* End PBXGroup section */

/* Begin PBXNativeTarget section */
		469460A516ADA3A60013F3D6 /* UltimageGeoTech */ = {
			isa = PBXNativeTarget;
			buildConfigurationList = 469460D016ADA3A70013F3D6 /* Build configuration list for PBXNativeTarget "UltimageGeoTech" */;
			buildPhases = (
				469460A216ADA3A60013F3D6 /* Sources */,
				469460A316ADA3A60013F3D6 /* Frameworks */,
				469460A416ADA3A60013F3D6 /* Resources */,
			);
			buildRules = (
			);
			dependencies = (
			);
			name = UltimageGeoTech;
			productName = UltimageGeoTech;
			productReference = 469460A616ADA3A60013F3D6 /* UltimageGeoTech.app */;
			productType = "com.apple.product-type.application";
		};
/* End PBXNativeTarget section */

/* Begin PBXProject section */
		4694609D16ADA3A60013F3D6 /* Project object */ = {
			isa = PBXProject;
			attributes = {
				LastUpgradeCheck = 0450;
				ORGANIZATIONNAME = LD.Chirag;
			};
			buildConfigurationList = 469460A016ADA3A60013F3D6 /* Build configuration list for PBXProject "UltimageGeoTech" */;
			compatibilityVersion = "Xcode 3.2";
			developmentRegion = English;
			hasScannedForEncodings = 0;
			knownRegions = (
				en,
			);
			mainGroup = 4694609B16ADA3A60013F3D6;
			productRefGroup = 469460A716ADA3A60013F3D6 /* Products */;
			projectDirPath = "";
			projectReferences = (
				{
					ProductGroup = 469AA47616B0D6AD006F931E /* Products */;
					ProjectRef = 469AA47516B0D6AD006F931E /* facebook-ios-sdk.xcodeproj */;
				},
			);
			projectRoot = "";
			targets = (
				469460A516ADA3A60013F3D6 /* UltimageGeoTech */,
			);
		};
/* End PBXProject section */

/* Begin PBXReferenceProxy section */
		469AA52916B0D6AE006F931E /* libfacebook_ios_sdk.a */ = {
			isa = PBXReferenceProxy;
			fileType = archive.ar;
			path = libfacebook_ios_sdk.a;
			remoteRef = 469AA52816B0D6AE006F931E /* PBXContainerItemProxy */;
			sourceTree = BUILT_PRODUCTS_DIR;
		};
/* End PBXReferenceProxy section */

/* Begin PBXResourcesBuildPhase section */
		469460A416ADA3A60013F3D6 /* Resources */ = {
			isa = PBXResourcesBuildPhase;
			buildActionMask = 2147483647;
			files = (
				469460B516ADA3A60013F3D6 /* InfoPlist.strings in Resources */,
				469460BD16ADA3A60013F3D6 /* Default.png in Resources */,
				469460BF16ADA3A60013F3D6 /* Default@2x.png in Resources */,
				469460C116ADA3A70013F3D6 /* Default-568h@2x.png in Resources */,
				469460E016ADB2D80013F3D6 /* HomeScreenViewController.xib in Resources */,
				469460E216ADB2D80013F3D6 /* MasterViewController.xib in Resources */,
				469460EF16ADBDC20013F3D6 /* background.png in Resources */,
				469460F116ADBEC40013F3D6 /* top_navigation_bar.png in Resources */,
				469AA4E416B0D6AD006F931E /* facebook_ios_sdk-all-target-headers.hmap in Resources */,
				469AA4E516B0D6AD006F931E /* facebook_ios_sdk-generated-files.hmap in Resources */,
				469AA4E616B0D6AD006F931E /* facebook_ios_sdk-own-target-headers.hmap in Resources */,
				469AA4E716B0D6AD006F931E /* facebook_ios_sdk-project-headers.hmap in Resources */,
				469AA4E816B0D6AD006F931E /* facebook_ios_sdk.hmap in Resources */,
				469AA4E916B0D6AD006F931E /* facebook_ios_sdk-all-target-headers.hmap in Resources */,
				469AA4EA16B0D6AD006F931E /* facebook_ios_sdk-generated-files.hmap in Resources */,
				469AA4EB16B0D6AD006F931E /* facebook_ios_sdk-own-target-headers.hmap in Resources */,
				469AA4EC16B0D6AD006F931E /* facebook_ios_sdk-project-headers.hmap in Resources */,
				469AA4ED16B0D6AD006F931E /* facebook_ios_sdk.hmap in Resources */,
				469AA4F016B0D6AD006F931E /* FBConnect.bundle in Resources */,
				469AA4F116B0D6AD006F931E /* FBDialog.bundle in Resources */,
				469AA4FF16B0D6AD006F931E /* DETweetComposeView.xib in Resources */,
				469AA50716B0D6AD006F931E /* DETweetAttachmentFrame.png in Resources */,
				469AA50816B0D6AD006F931E /* DETweetAttachmentFrame@2x.png in Resources */,
				469AA50916B0D6AD006F931E /* DETweetCancelButtonLandscape.png in Resources */,
				469AA50A16B0D6AD006F931E /* DETweetCancelButtonLandscape@2x.png in Resources */,
				469AA50B16B0D6AD006F931E /* DETweetCancelButtonPortrait.png in Resources */,
				469AA50C16B0D6AD006F931E /* DETweetCancelButtonPortrait@2x.png in Resources */,
				469AA50D16B0D6AD006F931E /* DETweetCardAccountLine.png in Resources */,
				469AA50E16B0D6AD006F931E /* DETweetCardAccountLine@2x.png in Resources */,
				469AA50F16B0D6AD006F931E /* DETweetCardBackground.png in Resources */,
				469AA51016B0D6AD006F931E /* DETweetCardBackground@2x.png in Resources */,
				469AA51116B0D6AD006F931E /* DETweetCardHeaderLine.png in Resources */,
				469AA51216B0D6AD006F931E /* DETweetCardHeaderLine@2x.png in Resources */,
				469AA51316B0D6AD006F931E /* DETweetPaperClip.png in Resources */,
				469AA51416B0D6AD006F931E /* DETweetPaperClip@2x.png in Resources */,
				469AA51516B0D6AD006F931E /* DETweetSendButtonLandscape.png in Resources */,
				469AA51616B0D6AD006F931E /* DETweetSendButtonLandscape@2x.png in Resources */,
				469AA51716B0D6AD006F931E /* DETweetSendButtonPortrait.png in Resources */,
				469AA51816B0D6AD006F931E /* DETweetSendButtonPortrait@2x.png in Resources */,
				469AA51916B0D6AD006F931E /* DETweetURLAttachment.png in Resources */,
				469AA51A16B0D6AD006F931E /* DETweetURLAttachment@2x.png in Resources */,
				469AA52416B0D6AD006F931E /* tclose.png in Resources */,
				469AA52516B0D6AD006F931E /* ticon.png in Resources */,
				467DBDF516BD2EA50015CE60 /* AccountViewController.xib in Resources */,
				467DBDFA16BD2EBF0015CE60 /* CreateRaceViewController.xib in Resources */,
				467DBDFF16BD2EE50015CE60 /* RaceViewController.xib in Resources */,
				467DBE0416BD2EFA0015CE60 /* ScoreViewController.xib in Resources */,
				4601EB3816BE7AD500497ED0 /* backbutton.png in Resources */,
				4601EB3A16BE7AD500497ED0 /* forgotpasswordbutton.png in Resources */,
				4601EB3B16BE7AD500497ED0 /* login.png in Resources */,
				4601EB3C16BE7AD500497ED0 /* registerbutton.png in Resources */,
				4601EB3E16BE7C0800497ED0 /* createaccountbutton.png in Resources */,
				4601EB4516BEA3CC00497ED0 /* loginemail.png in Resources */,
				4601EB4616BEA3CC00497ED0 /* loginfacebook.png in Resources */,
				468EE91516C17DDB0089044D /* CreateNewRaceViewController.xib in Resources */,
				468EE92016C17F9E0089044D /* AddMultipleChoiceQuestionViewController.xib in Resources */,
				EDBC424E16C0E7C10010C90D /* account.png in Resources */,
				EDBC424F16C0E7C10010C90D /* accounthover.png in Resources */,
				EDBC425016C0E7C10010C90D /* create.png in Resources */,
				EDBC425116C0E7C10010C90D /* createhover.png in Resources */,
				EDBC425416C0E7C10010C90D /* race.png in Resources */,
				EDBC425516C0E7C10010C90D /* racehover.png in Resources */,
				EDBC425616C0E7C10010C90D /* scores.png in Resources */,
				EDBC425716C0E7C10010C90D /* scoreshover.png in Resources */,
				ED99980316C2158E00C51E00 /* home_hover.png in Resources */,
				ED99980416C2158E00C51E00 /* home.png in Resources */,
				ED99980F16C21CCF00C51E00 /* AddMissingLetterQuestionViewController.xib in Resources */,
				ED99982F16C23A0100C51E00 /* AddTrueFalseQuestionViewController.xib in Resources */,
				ED99983916C257CD00C51E00 /* ChooseLocationViewController.xib in Resources */,
				ED138E8816C3894D00A39B1E /* progress.png in Resources */,
				ED138E8916C3894D00A39B1E /* racename_leadeboard.png in Resources */,
				ED138E8A16C3894D00A39B1E /* user_information.png in Resources */,
				ED138E8C16C38BBA00A39B1E /* divider.png in Resources */,
			);
			runOnlyForDeploymentPostprocessing = 0;
		};
/* End PBXResourcesBuildPhase section */

/* Begin PBXSourcesBuildPhase section */
		469460A216ADA3A60013F3D6 /* Sources */ = {
			isa = PBXSourcesBuildPhase;
			buildActionMask = 2147483647;
			files = (
				469460B716ADA3A60013F3D6 /* main.m in Sources */,
				469460DE16ADB2D80013F3D6 /* AppDelegate.m in Sources */,
				469460DF16ADB2D80013F3D6 /* HomeScreenViewController.m in Sources */,
				469460E116ADB2D80013F3D6 /* MasterViewController.m in Sources */,
				469AA4EE16B0D6AD006F931E /* DataSet.m in Sources */,
				469AA4EF16B0D6AD006F931E /* Facebook.m in Sources */,
				469AA4F216B0D6AD006F931E /* FBDialog.m in Sources */,
				469AA4F316B0D6AD006F931E /* FBFrictionlessRequestSettings.m in Sources */,
				469AA4F416B0D6AD006F931E /* FBLoginDialog.m in Sources */,
				469AA4F516B0D6AD006F931E /* FBRequest.m in Sources */,
				469AA4F616B0D6AD006F931E /* NSObject+SBJSON.m in Sources */,
				469AA4F716B0D6AD006F931E /* NSString+SBJSON.m in Sources */,
				469AA4F816B0D6AD006F931E /* SBJSON.m in Sources */,
				469AA4F916B0D6AD006F931E /* SBJsonBase.m in Sources */,
				469AA4FA16B0D6AD006F931E /* SBJsonParser.m in Sources */,
				469AA4FB16B0D6AD006F931E /* SBJsonWriter.m in Sources */,
				469AA4FC16B0D6AD006F931E /* DEEmbossedLabel.m in Sources */,
				469AA4FD16B0D6AD006F931E /* DERuledView.m in Sources */,
				469AA4FE16B0D6AD006F931E /* DETweetAccountSelectorViewController.m in Sources */,
				469AA50016B0D6AD006F931E /* DETweetComposeViewController.m in Sources */,
				469AA50116B0D6AD006F931E /* DETweetGradientView.m in Sources */,
				469AA50216B0D6AD006F931E /* DETweetPoster.m in Sources */,
				469AA50316B0D6AD006F931E /* DETweetSheetCardView.m in Sources */,
				469AA50416B0D6AD006F931E /* DETweetTextView.m in Sources */,
				469AA50516B0D6AD006F931E /* OAuth+DEExtensions.m in Sources */,
				469AA50616B0D6AD006F931E /* OAuth+DEUserDefaults.m in Sources */,
				469AA51B16B0D6AD006F931E /* UIApplication+DETweetComposeViewController.m in Sources */,
				469AA51C16B0D6AD006F931E /* UIDevice+DETweetComposeViewController.m in Sources */,
				469AA51D16B0D6AD006F931E /* Base64Transcoder.c in Sources */,
				469AA51E16B0D6AD006F931E /* hmac.c in Sources */,
				469AA51F16B0D6AD006F931E /* OAHMAC_SHA1SignatureProvider.m in Sources */,
				469AA52016B0D6AD006F931E /* sha1.c in Sources */,
				469AA52116B0D6AD006F931E /* DEHTTPRequest.m in Sources */,
				469AA52216B0D6AD006F931E /* NSString+URLEncoding.m in Sources */,
				469AA52316B0D6AD006F931E /* OAuth.m in Sources */,
				469AA52616B0D6AD006F931E /* TwitterDialog.m in Sources */,
				467DBDF416BD2EA50015CE60 /* AccountViewController.m in Sources */,
				467DBDF916BD2EBF0015CE60 /* CreateRaceViewController.m in Sources */,
				467DBDFE16BD2EE50015CE60 /* RaceViewController.m in Sources */,
				467DBE0316BD2EFA0015CE60 /* ScoreViewController.m in Sources */,
				46CA250E16BD706500C18E76 /* CLLocation (Strings).m in Sources */,
				46CA252116BD9D7100C18E76 /* MyAnnotation.m in Sources */,
				468EE91416C17DDB0089044D /* CreateNewRaceViewController.m in Sources */,
				468EE91F16C17F9E0089044D /* AddMultipleChoiceQuestionViewController.m in Sources */,
				ED99980E16C21CCF00C51E00 /* AddMissingLetterQuestionViewController.m in Sources */,
				ED99982E16C23A0100C51E00 /* AddTrueFalseQuestionViewController.m in Sources */,
				ED99983816C257CD00C51E00 /* ChooseLocationViewController.m in Sources */,
			);
			runOnlyForDeploymentPostprocessing = 0;
		};
/* End PBXSourcesBuildPhase section */

/* Begin PBXVariantGroup section */
		469460B316ADA3A60013F3D6 /* InfoPlist.strings */ = {
			isa = PBXVariantGroup;
			children = (
				469460B416ADA3A60013F3D6 /* en */,
			);
			name = InfoPlist.strings;
			sourceTree = "<group>";
		};
/* End PBXVariantGroup section */

/* Begin XCBuildConfiguration section */
		469460CE16ADA3A70013F3D6 /* Debug */ = {
			isa = XCBuildConfiguration;
			buildSettings = {
				ALWAYS_SEARCH_USER_PATHS = NO;
				CLANG_CXX_LANGUAGE_STANDARD = "gnu++0x";
				CLANG_CXX_LIBRARY = "libc++";
				CLANG_WARN_EMPTY_BODY = YES;
				CLANG_WARN__DUPLICATE_METHOD_MATCH = YES;
				CODE_SIGN_IDENTITY = "iPhone Developer: Smitkumar Nebhwani (4J829HWAFZ)";
				"CODE_SIGN_IDENTITY[sdk=iphoneos*]" = "iPhone Developer: Smitkumar Nebhwani (4J829HWAFZ)";
				COPY_PHASE_STRIP = NO;
				GCC_C_LANGUAGE_STANDARD = gnu99;
				GCC_DYNAMIC_NO_PIC = NO;
				GCC_OPTIMIZATION_LEVEL = 0;
				GCC_PREPROCESSOR_DEFINITIONS = (
					"DEBUG=1",
					"$(inherited)",
				);
				GCC_SYMBOLS_PRIVATE_EXTERN = NO;
				GCC_WARN_ABOUT_RETURN_TYPE = YES;
				GCC_WARN_UNINITIALIZED_AUTOS = YES;
				GCC_WARN_UNUSED_VARIABLE = YES;
				IPHONEOS_DEPLOYMENT_TARGET = 5.0;
				PROVISIONING_PROFILE = "09DDAEFA-9B78-42DE-83A9-77F24C57B097";
				"PROVISIONING_PROFILE[sdk=iphoneos*]" = "09DDAEFA-9B78-42DE-83A9-77F24C57B097";
				SDKROOT = iphoneos;
			};
			name = Debug;
		};
		469460D116ADA3A70013F3D6 /* Debug */ = {
			isa = XCBuildConfiguration;
			buildSettings = {
				GCC_PRECOMPILE_PREFIX_HEADER = YES;
				GCC_PREFIX_HEADER = "UltimageGeoTech/UltimageGeoTech-Prefix.pch";
				INFOPLIST_FILE = "UltimageGeoTech/UltimageGeoTech-Info.plist";
				LIBRARY_SEARCH_PATHS = (
					"$(inherited)",
					"\"$(SRCROOT)/UltimageGeoTech/facebook/build/Debug-iphoneos\"",
				);
				PRODUCT_NAME = "$(TARGET_NAME)";
				WRAPPER_EXTENSION = app;
			};
			name = Debug;
		};
/* End XCBuildConfiguration section */

/* Begin XCConfigurationList section */
		469460A016ADA3A60013F3D6 /* Build configuration list for PBXProject "UltimageGeoTech" */ = {
			isa = XCConfigurationList;
			buildConfigurations = (
				469460CE16ADA3A70013F3D6 /* Debug */,
			);
			defaultConfigurationIsVisible = 0;
			defaultConfigurationName = Debug;
		};
		469460D016ADA3A70013F3D6 /* Build configuration list for PBXNativeTarget "UltimageGeoTech" */ = {
			isa = XCConfigurationList;
			buildConfigurations = (
				469460D116ADA3A70013F3D6 /* Debug */,
			);
			defaultConfigurationIsVisible = 0;
			defaultConfigurationName = Debug;
		};
/* End XCConfigurationList section */
	};
	rootObject = 4694609D16ADA3A60013F3D6 /* Project object */;
}
